// !$*UTF8*$!
{
	archiveVersion = 1;
	classes = {
	};
	objectVersion = 56;
	objects = {

/* Begin PBXBuildFile section */
		942F0A032A4090FF00E50FDE /* [English]Learn English Conversation - Oxford English Daily Conversation Part 2[Checksub.com].txt in Resources */ = {isa = PBXBuildFile; fileRef = 942F0A022A4090FF00E50FDE /* [English]Learn English Conversation - Oxford English Daily Conversation Part 2[Checksub.com].txt */; };
		942F0A092A409E9B00E50FDE /* [English]1.5 HOUR English Conversation Lesson[Checksub.com] (2).txt in Resources */ = {isa = PBXBuildFile; fileRef = 942F0A082A409E9B00E50FDE /* [English]1.5 HOUR English Conversation Lesson[Checksub.com] (2).txt */; };
		942F0A0B2A409F1A00E50FDE /* [English]Learn English Conversation - Oxford English Daily Conversation Part 2[Checksub.com] (1).txt in Resources */ = {isa = PBXBuildFile; fileRef = 942F0A0A2A409F1A00E50FDE /* [English]Learn English Conversation - Oxford English Daily Conversation Part 2[Checksub.com] (1).txt */; };
		942F0A0D2A40A05400E50FDE /* [English]Learn English Conversation - Oxford English Daily Conversation Part 1[Checksub.com].txt in Resources */ = {isa = PBXBuildFile; fileRef = 942F0A0C2A40A05400E50FDE /* [English]Learn English Conversation - Oxford English Daily Conversation Part 1[Checksub.com].txt */; };
		942F0A0F2A40A11800E50FDE /* [English] Speak With Me_ 2 Hour English Speaking Practice [DownSub.com].txt in Resources */ = {isa = PBXBuildFile; fileRef = 942F0A0E2A40A11800E50FDE /* [English] Speak With Me_ 2 Hour English Speaking Practice [DownSub.com].txt */; };
		942F0A132A40A1BD00E50FDE /* [English (auto-generated)] English Conversation and Listening Practice, Learn While You Sleep [DownSub.com].txt in Resources */ = {isa = PBXBuildFile; fileRef = 942F0A122A40A1BD00E50FDE /* [English (auto-generated)] English Conversation and Listening Practice, Learn While You Sleep [DownSub.com].txt */; };
		942F0A152A40A3C000E50FDE /* [English (auto-generated)] English Conversation; Learn while you Sleep with 5000 words [DownSub.com].txt in Resources */ = {isa = PBXBuildFile; fileRef = 942F0A142A40A3C000E50FDE /* [English (auto-generated)] English Conversation; Learn while you Sleep with 5000 words [DownSub.com].txt */; };
		942F0A172A40A66A00E50FDE /* trash.swift in Sources */ = {isa = PBXBuildFile; fileRef = 942F0A162A40A66A00E50FDE /* trash.swift */; };
		942F0A192A40A96700E50FDE /* [English] 1.5 Hour English Conversation Lesson [DownSub.com].txt in Resources */ = {isa = PBXBuildFile; fileRef = 942F0A182A40A96700E50FDE /* [English] 1.5 Hour English Conversation Lesson [DownSub.com].txt */; };
		942F0A1B2A40AAB400E50FDE /* [English] Advanced English Conversation_ Talking Jobs and Time Off (British & American English with subtitles) [DownSub.com].txt in Resources */ = {isa = PBXBuildFile; fileRef = 942F0A1A2A40AAB400E50FDE /* [English] Advanced English Conversation_ Talking Jobs and Time Off (British & American English with subtitles) [DownSub.com].txt */; };
		942F0A1D2A40AB5300E50FDE /* [English] Advanced English Conversation_ Vocabulary, Phrasal Verb, Pronunciation [DownSub.com].txt in Resources */ = {isa = PBXBuildFile; fileRef = 942F0A1C2A40AB5300E50FDE /* [English] Advanced English Conversation_ Vocabulary, Phrasal Verb, Pronunciation [DownSub.com].txt */; };
		942F0A1F2A40ACBE00E50FDE /* [English] Clara is back! - Conversation in English - English Communication Lesson [DownSub.com].txt in Resources */ = {isa = PBXBuildFile; fileRef = 942F0A1E2A40ACBE00E50FDE /* [English] Clara is back! - Conversation in English - English Communication Lesson [DownSub.com].txt */; };
		942F0A212A40AD3E00E50FDE /* [English] Lisas real Sister! - Conversation in English - English Communication Lesson [DownSub.com].txt in Resources */ = {isa = PBXBuildFile; fileRef = 942F0A202A40AD3E00E50FDE /* [English] Lisas real Sister! - Conversation in English - English Communication Lesson [DownSub.com].txt */; };
		94779E8D2A3FCB7A001DEFEA /* [English]How to Network Like A Pro _ Async_Await _ Pagination _ Error Handling _ From A Meta Engineer[Checksub.com].txt in Resources */ = {isa = PBXBuildFile; fileRef = 94779E8C2A3FCB7A001DEFEA /* [English]How to Network Like A Pro _ Async_Await _ Pagination _ Error Handling _ From A Meta Engineer[Checksub.com].txt */; };
		94779E912A3FD02B001DEFEA /* [English]NEVER Confuse @State vs @Binding Again __ SwiftUI Property Wrappers[Checksub.com].txt in Resources */ = {isa = PBXBuildFile; fileRef = 94779E902A3FD02B001DEFEA /* [English]NEVER Confuse @State vs @Binding Again __ SwiftUI Property Wrappers[Checksub.com].txt */; };
		94779E952A3FD201001DEFEA /* [English]DON'T Make this MISTAKE __ StateObject vs ObservedObject _ What's the Difference_[Checksub.com].txt in Resources */ = {isa = PBXBuildFile; fileRef = 94779E942A3FD201001DEFEA /* [English]DON'T Make this MISTAKE __ StateObject vs ObservedObject _ What's the Difference_[Checksub.com].txt */; };
		94EBDF6F2A3D88CD0095C776 /* transcript2.txt in Resources */ = {isa = PBXBuildFile; fileRef = 94EBDF6E2A3D88CD0095C776 /* transcript2.txt */; };
		94EBDF712A3D8A3C0095C776 /* transcript.pdf in Resources */ = {isa = PBXBuildFile; fileRef = 94EBDF702A3D8A3C0095C776 /* transcript.pdf */; };
		94EBDF752A3D8CB20095C776 /* transcript2.pdf in Resources */ = {isa = PBXBuildFile; fileRef = 94EBDF742A3D8CB20095C776 /* transcript2.pdf */; };
		94EBDF772A3D8E1F0095C776 /* transcript.txt in Resources */ = {isa = PBXBuildFile; fileRef = 94EBDF762A3D8E1F0095C776 /* transcript.txt */; };
/* End PBXBuildFile section */

/* Begin PBXFileReference section */
		942F0A022A4090FF00E50FDE /* [English]Learn English Conversation - Oxford English Daily Conversation Part 2[Checksub.com].txt */ = {isa = PBXFileReference; fileEncoding = 4; lastKnownFileType = text; path = "[English]Learn English Conversation - Oxford English Daily Conversation Part 2[Checksub.com].txt"; sourceTree = "<group>"; };
		942F0A082A409E9B00E50FDE /* [English]1.5 HOUR English Conversation Lesson[Checksub.com] (2).txt */ = {isa = PBXFileReference; fileEncoding = 4; lastKnownFileType = text; path = "[English]1.5 HOUR English Conversation Lesson[Checksub.com] (2).txt"; sourceTree = "<group>"; };
		942F0A0A2A409F1A00E50FDE /* [English]Learn English Conversation - Oxford English Daily Conversation Part 2[Checksub.com] (1).txt */ = {isa = PBXFileReference; fileEncoding = 4; lastKnownFileType = text; path = "[English]Learn English Conversation - Oxford English Daily Conversation Part 2[Checksub.com] (1).txt"; sourceTree = "<group>"; };
		942F0A0C2A40A05400E50FDE /* [English]Learn English Conversation - Oxford English Daily Conversation Part 1[Checksub.com].txt */ = {isa = PBXFileReference; fileEncoding = 4; lastKnownFileType = text; path = "[English]Learn English Conversation - Oxford English Daily Conversation Part 1[Checksub.com].txt"; sourceTree = "<group>"; };
		942F0A0E2A40A11800E50FDE /* [English] Speak With Me_ 2 Hour English Speaking Practice [DownSub.com].txt */ = {isa = PBXFileReference; fileEncoding = 4; lastKnownFileType = text; path = "[English] Speak With Me_ 2 Hour English Speaking Practice [DownSub.com].txt"; sourceTree = "<group>"; };
		942F0A122A40A1BD00E50FDE /* [English (auto-generated)] English Conversation and Listening Practice, Learn While You Sleep [DownSub.com].txt */ = {isa = PBXFileReference; fileEncoding = 4; lastKnownFileType = text; path = "[English (auto-generated)] English Conversation and Listening Practice, Learn While You Sleep [DownSub.com].txt"; sourceTree = "<group>"; };
		942F0A142A40A3C000E50FDE /* [English (auto-generated)] English Conversation; Learn while you Sleep with 5000 words [DownSub.com].txt */ = {isa = PBXFileReference; fileEncoding = 4; lastKnownFileType = text; path = "[English (auto-generated)] English Conversation; Learn while you Sleep with 5000 words [DownSub.com].txt"; sourceTree = "<group>"; };
		942F0A162A40A66A00E50FDE /* trash.swift */ = {isa = PBXFileReference; lastKnownFileType = sourcecode.swift; path = trash.swift; sourceTree = "<group>"; };
		942F0A182A40A96700E50FDE /* [English] 1.5 Hour English Conversation Lesson [DownSub.com].txt */ = {isa = PBXFileReference; fileEncoding = 4; lastKnownFileType = text; path = "[English] 1.5 Hour English Conversation Lesson [DownSub.com].txt"; sourceTree = "<group>"; };
		942F0A1A2A40AAB400E50FDE /* [English] Advanced English Conversation_ Talking Jobs and Time Off (British & American English with subtitles) [DownSub.com].txt */ = {isa = PBXFileReference; fileEncoding = 4; lastKnownFileType = text; path = "[English] Advanced English Conversation_ Talking Jobs and Time Off (British & American English with subtitles) [DownSub.com].txt"; sourceTree = "<group>"; };
		942F0A1C2A40AB5300E50FDE /* [English] Advanced English Conversation_ Vocabulary, Phrasal Verb, Pronunciation [DownSub.com].txt */ = {isa = PBXFileReference; fileEncoding = 4; lastKnownFileType = text; path = "[English] Advanced English Conversation_ Vocabulary, Phrasal Verb, Pronunciation [DownSub.com].txt"; sourceTree = "<group>"; };
		942F0A1E2A40ACBE00E50FDE /* [English] Clara is back! - Conversation in English - English Communication Lesson [DownSub.com].txt */ = {isa = PBXFileReference; fileEncoding = 4; lastKnownFileType = text; path = "[English] Clara is back! - Conversation in English - English Communication Lesson [DownSub.com].txt"; sourceTree = "<group>"; };
		942F0A202A40AD3E00E50FDE /* [English] Lisas real Sister! - Conversation in English - English Communication Lesson [DownSub.com].txt */ = {isa = PBXFileReference; fileEncoding = 4; lastKnownFileType = text; path = "[English] Lisas real Sister! - Conversation in English - English Communication Lesson [DownSub.com].txt"; sourceTree = "<group>"; };
		94779E8C2A3FCB7A001DEFEA /* [English]How to Network Like A Pro _ Async_Await _ Pagination _ Error Handling _ From A Meta Engineer[Checksub.com].txt */ = {isa = PBXFileReference; fileEncoding = 4; lastKnownFileType = text; path = "[English]How to Network Like A Pro _ Async_Await _ Pagination _ Error Handling _ From A Meta Engineer[Checksub.com].txt"; sourceTree = "<group>"; };
		94779E902A3FD02B001DEFEA /* [English]NEVER Confuse @State vs @Binding Again __ SwiftUI Property Wrappers[Checksub.com].txt */ = {isa = PBXFileReference; fileEncoding = 4; lastKnownFileType = text; path = "[English]NEVER Confuse @State vs @Binding Again __ SwiftUI Property Wrappers[Checksub.com].txt"; sourceTree = "<group>"; };
		94779E942A3FD201001DEFEA /* [English]DON'T Make this MISTAKE __ StateObject vs ObservedObject _ What's the Difference_[Checksub.com].txt */ = {isa = PBXFileReference; fileEncoding = 4; lastKnownFileType = text; path = "[English]DON'T Make this MISTAKE __ StateObject vs ObservedObject _ What's the Difference_[Checksub.com].txt"; sourceTree = "<group>"; };
		94EBDF4F2A3D73A70095C776 /* EnglishSearch.app */ = {isa = PBXFileReference; explicitFileType = wrapper.application; includeInIndex = 0; path = EnglishSearch.app; sourceTree = BUILT_PRODUCTS_DIR; };
		94EBDF6E2A3D88CD0095C776 /* transcript2.txt */ = {isa = PBXFileReference; fileEncoding = 4; lastKnownFileType = text; path = transcript2.txt; sourceTree = "<group>"; };
		94EBDF702A3D8A3C0095C776 /* transcript.pdf */ = {isa = PBXFileReference; lastKnownFileType = image.pdf; path = transcript.pdf; sourceTree = "<group>"; };
		94EBDF742A3D8CB20095C776 /* transcript2.pdf */ = {isa = PBXFileReference; lastKnownFileType = image.pdf; path = transcript2.pdf; sourceTree = "<group>"; };
		94EBDF762A3D8E1F0095C776 /* transcript.txt */ = {isa = PBXFileReference; fileEncoding = 4; lastKnownFileType = text; path = transcript.txt; sourceTree = "<group>"; };
/* End PBXFileReference section */

/* Begin PBXFrameworksBuildPhase section */
		94EBDF4C2A3D73A70095C776 /* Frameworks */ = {
			isa = PBXFrameworksBuildPhase;
			buildActionMask = 2147483647;
			files = (
			);
			runOnlyForDeploymentPostprocessing = 0;
		};
/* End PBXFrameworksBuildPhase section */

/* Begin PBXGroup section */
		94779E842A3DD6EE001DEFEA /* Code */ = {
			isa = PBXGroup;
			children = (
				94779E942A3FD201001DEFEA /* [English]DON'T Make this MISTAKE __ StateObject vs ObservedObject _ What's the Difference_[Checksub.com].txt */,
				94779E902A3FD02B001DEFEA /* [English]NEVER Confuse @State vs @Binding Again __ SwiftUI Property Wrappers[Checksub.com].txt */,
				94779E852A3F44AB001DEFEA /* How to Network Like A Pro - Async-Await - Pagination - Error Handling - From A Meta Enginee */,
				94EBDF722A3D8A530095C776 /* (49) COMPLETE User Login - Sign Up App - Swift UI + Firebase - Async  Await - YouTube */,
				94EBDF732A3D8C5D0095C776 /* (49) Let's Build Twitter with SwiftUI (iOS 15, Xcode 13, Firebase, SwiftUI 3.0) - YouTube */,
			);
			path = Code;
			sourceTree = "<group>";
		};
		94779E852A3F44AB001DEFEA /* How to Network Like A Pro - Async-Await - Pagination - Error Handling - From A Meta Enginee */ = {
			isa = PBXGroup;
			children = (
				94779E8C2A3FCB7A001DEFEA /* [English]How to Network Like A Pro _ Async_Await _ Pagination _ Error Handling _ From A Meta Engineer[Checksub.com].txt */,
			);
			path = "How to Network Like A Pro - Async-Await - Pagination - Error Handling - From A Meta Enginee";
			sourceTree = "<group>";
		};
		94E751832A407A7100F20840 /* Conversation */ = {
			isa = PBXGroup;
			children = (
				942F0A202A40AD3E00E50FDE /* [English] Lisas real Sister! - Conversation in English - English Communication Lesson [DownSub.com].txt */,
				942F0A1E2A40ACBE00E50FDE /* [English] Clara is back! - Conversation in English - English Communication Lesson [DownSub.com].txt */,
				942F0A1A2A40AAB400E50FDE /* [English] Advanced English Conversation_ Talking Jobs and Time Off (British & American English with subtitles) [DownSub.com].txt */,
				942F0A1C2A40AB5300E50FDE /* [English] Advanced English Conversation_ Vocabulary, Phrasal Verb, Pronunciation [DownSub.com].txt */,
				942F0A182A40A96700E50FDE /* [English] 1.5 Hour English Conversation Lesson [DownSub.com].txt */,
				942F0A142A40A3C000E50FDE /* [English (auto-generated)] English Conversation; Learn while you Sleep with 5000 words [DownSub.com].txt */,
				942F0A122A40A1BD00E50FDE /* [English (auto-generated)] English Conversation and Listening Practice, Learn While You Sleep [DownSub.com].txt */,
				942F0A0E2A40A11800E50FDE /* [English] Speak With Me_ 2 Hour English Speaking Practice [DownSub.com].txt */,
				942F0A0C2A40A05400E50FDE /* [English]Learn English Conversation - Oxford English Daily Conversation Part 1[Checksub.com].txt */,
				942F0A162A40A66A00E50FDE /* trash.swift */,
				942F0A0A2A409F1A00E50FDE /* [English]Learn English Conversation - Oxford English Daily Conversation Part 2[Checksub.com] (1).txt */,
				942F0A082A409E9B00E50FDE /* [English]1.5 HOUR English Conversation Lesson[Checksub.com] (2).txt */,
				942F0A022A4090FF00E50FDE /* [English]Learn English Conversation - Oxford English Daily Conversation Part 2[Checksub.com].txt */,
			);
			path = Conversation;
			sourceTree = "<group>";
		};
		94EBDF462A3D73A70095C776 = {
			isa = PBXGroup;
			children = (
				94EBDF512A3D73A70095C776 /* EnglishSearch */,
				94EBDF502A3D73A70095C776 /* Products */,
			);
			sourceTree = "<group>";
		};
		94EBDF502A3D73A70095C776 /* Products */ = {
			isa = PBXGroup;
			children = (
				94EBDF4F2A3D73A70095C776 /* EnglishSearch.app */,
			);
			name = Products;
			sourceTree = "<group>";
		};
		94EBDF512A3D73A70095C776 /* EnglishSearch */ = {
			isa = PBXGroup;
			children = (
				94E751832A407A7100F20840 /* Conversation */,
				94779E842A3DD6EE001DEFEA /* Code */,
			);
			path = EnglishSearch;
			sourceTree = "<group>";
		};
		94EBDF722A3D8A530095C776 /* (49) COMPLETE User Login - Sign Up App - Swift UI + Firebase - Async  Await - YouTube */ = {
			isa = PBXGroup;
			children = (
				94EBDF6E2A3D88CD0095C776 /* transcript2.txt */,
				94EBDF742A3D8CB20095C776 /* transcript2.pdf */,
			);
			path = "(49) COMPLETE User Login - Sign Up App - Swift UI + Firebase - Async  Await - YouTube";
			sourceTree = "<group>";
		};
		94EBDF732A3D8C5D0095C776 /* (49) Let's Build Twitter with SwiftUI (iOS 15, Xcode 13, Firebase, SwiftUI 3.0) - YouTube */ = {
			isa = PBXGroup;
			children = (
				94EBDF762A3D8E1F0095C776 /* transcript.txt */,
				94EBDF702A3D8A3C0095C776 /* transcript.pdf */,
			);
			path = "(49) Let's Build Twitter with SwiftUI (iOS 15, Xcode 13, Firebase, SwiftUI 3.0) - YouTube";
			sourceTree = "<group>";
		};
/* End PBXGroup section */

/* Begin PBXNativeTarget section */
		94EBDF4E2A3D73A70095C776 /* EnglishSearch */ = {
			isa = PBXNativeTarget;
			buildConfigurationList = 94EBDF602A3D73A90095C776 /* Build configuration list for PBXNativeTarget "EnglishSearch" */;
			buildPhases = (
				94EBDF4B2A3D73A70095C776 /* Sources */,
				94EBDF4C2A3D73A70095C776 /* Frameworks */,
				94EBDF4D2A3D73A70095C776 /* Resources */,
			);
			buildRules = (
			);
			dependencies = (
			);
			name = EnglishSearch;
			productName = EnglishSearch;
			productReference = 94EBDF4F2A3D73A70095C776 /* EnglishSearch.app */;
			productType = "com.apple.product-type.application";
		};
/* End PBXNativeTarget section */

/* Begin PBXProject section */
		94EBDF472A3D73A70095C776 /* Project object */ = {
			isa = PBXProject;
			attributes = {
				BuildIndependentTargetsInParallel = 1;
				LastSwiftUpdateCheck = 1430;
				LastUpgradeCheck = 1430;
				TargetAttributes = {
					94EBDF4E2A3D73A70095C776 = {
						CreatedOnToolsVersion = 14.3.1;
						LastSwiftMigration = 1430;
					};
				};
			};
			buildConfigurationList = 94EBDF4A2A3D73A70095C776 /* Build configuration list for PBXProject "EnglishSearch" */;
			compatibilityVersion = "Xcode 14.0";
			developmentRegion = en;
			hasScannedForEncodings = 0;
			knownRegions = (
				en,
				Base,
			);
			mainGroup = 94EBDF462A3D73A70095C776;
			productRefGroup = 94EBDF502A3D73A70095C776 /* Products */;
			projectDirPath = "";
			projectRoot = "";
			targets = (
				94EBDF4E2A3D73A70095C776 /* EnglishSearch */,
			);
		};
/* End PBXProject section */

/* Begin PBXResourcesBuildPhase section */
		94EBDF4D2A3D73A70095C776 /* Resources */ = {
			isa = PBXResourcesBuildPhase;
			buildActionMask = 2147483647;
			files = (
				942F0A032A4090FF00E50FDE /* [English]Learn English Conversation - Oxford English Daily Conversation Part 2[Checksub.com].txt in Resources */,
				94779E952A3FD201001DEFEA /* [English]DON'T Make this MISTAKE __ StateObject vs ObservedObject _ What's the Difference_[Checksub.com].txt in Resources */,
				942F0A0F2A40A11800E50FDE /* [English] Speak With Me_ 2 Hour English Speaking Practice [DownSub.com].txt in Resources */,
				942F0A0D2A40A05400E50FDE /* [English]Learn English Conversation - Oxford English Daily Conversation Part 1[Checksub.com].txt in Resources */,
				942F0A132A40A1BD00E50FDE /* [English (auto-generated)] English Conversation and Listening Practice, Learn While You Sleep [DownSub.com].txt in Resources */,
				942F0A212A40AD3E00E50FDE /* [English] Lisas real Sister! - Conversation in English - English Communication Lesson [DownSub.com].txt in Resources */,
				94779E8D2A3FCB7A001DEFEA /* [English]How to Network Like A Pro _ Async_Await _ Pagination _ Error Handling _ From A Meta Engineer[Checksub.com].txt in Resources */,
				942F0A1B2A40AAB400E50FDE /* [English] Advanced English Conversation_ Talking Jobs and Time Off (British & American English with subtitles) [DownSub.com].txt in Resources */,
				942F0A0B2A409F1A00E50FDE /* [English]Learn English Conversation - Oxford English Daily Conversation Part 2[Checksub.com] (1).txt in Resources */,
				942F0A192A40A96700E50FDE /* [English] 1.5 Hour English Conversation Lesson [DownSub.com].txt in Resources */,
				94EBDF752A3D8CB20095C776 /* transcript2.pdf in Resources */,
				942F0A1F2A40ACBE00E50FDE /* [English] Clara is back! - Conversation in English - English Communication Lesson [DownSub.com].txt in Resources */,
				942F0A152A40A3C000E50FDE /* [English (auto-generated)] English Conversation; Learn while you Sleep with 5000 words [DownSub.com].txt in Resources */,
				94EBDF712A3D8A3C0095C776 /* transcript.pdf in Resources */,
				94EBDF772A3D8E1F0095C776 /* transcript.txt in Resources */,
				94EBDF6F2A3D88CD0095C776 /* transcript2.txt in Resources */,
				94779E912A3FD02B001DEFEA /* [English]NEVER Confuse @State vs @Binding Again __ SwiftUI Property Wrappers[Checksub.com].txt in Resources */,
				942F0A1D2A40AB5300E50FDE /* [English] Advanced English Conversation_ Vocabulary, Phrasal Verb, Pronunciation [DownSub.com].txt in Resources */,
				942F0A092A409E9B00E50FDE /* [English]1.5 HOUR English Conversation Lesson[Checksub.com] (2).txt in Resources */,
			);
			runOnlyForDeploymentPostprocessing = 0;
		};
/* End PBXResourcesBuildPhase section */

/* Begin PBXSourcesBuildPhase section */
		94EBDF4B2A3D73A70095C776 /* Sources */ = {
			isa = PBXSourcesBuildPhase;
			buildActionMask = 2147483647;
			files = (
				942F0A172A40A66A00E50FDE /* trash.swift in Sources */,
			);
			runOnlyForDeploymentPostprocessing = 0;
		};
/* End PBXSourcesBuildPhase section */

/* Begin XCBuildConfiguration section */
		94EBDF5E2A3D73A90095C776 /* Debug */ = {
			isa = XCBuildConfiguration;
			buildSettings = {
				ALWAYS_SEARCH_USER_PATHS = NO;
				CLANG_ANALYZER_NONNULL = YES;
				CLANG_ANALYZER_NUMBER_OBJECT_CONVERSION = YES_AGGRESSIVE;
				CLANG_CXX_LANGUAGE_STANDARD = "gnu++20";
				CLANG_ENABLE_MODULES = YES;
				CLANG_ENABLE_OBJC_ARC = YES;
				CLANG_ENABLE_OBJC_WEAK = YES;
				CLANG_WARN_BLOCK_CAPTURE_AUTORELEASING = YES;
				CLANG_WARN_BOOL_CONVERSION = YES;
				CLANG_WARN_COMMA = YES;
				CLANG_WARN_CONSTANT_CONVERSION = YES;
				CLANG_WARN_DEPRECATED_OBJC_IMPLEMENTATIONS = YES;
				CLANG_WARN_DIRECT_OBJC_ISA_USAGE = YES_ERROR;
				CLANG_WARN_DOCUMENTATION_COMMENTS = YES;
				CLANG_WARN_EMPTY_BODY = YES;
				CLANG_WARN_ENUM_CONVERSION = YES;
				CLANG_WARN_INFINITE_RECURSION = YES;
				CLANG_WARN_INT_CONVERSION = YES;
				CLANG_WARN_NON_LITERAL_NULL_CONVERSION = YES;
				CLANG_WARN_OBJC_IMPLICIT_RETAIN_SELF = YES;
				CLANG_WARN_OBJC_LITERAL_CONVERSION = YES;
				CLANG_WARN_OBJC_ROOT_CLASS = YES_ERROR;
				CLANG_WARN_QUOTED_INCLUDE_IN_FRAMEWORK_HEADER = YES;
				CLANG_WARN_RANGE_LOOP_ANALYSIS = YES;
				CLANG_WARN_STRICT_PROTOTYPES = YES;
				CLANG_WARN_SUSPICIOUS_MOVE = YES;
				CLANG_WARN_UNGUARDED_AVAILABILITY = YES_AGGRESSIVE;
				CLANG_WARN_UNREACHABLE_CODE = YES;
				CLANG_WARN__DUPLICATE_METHOD_MATCH = YES;
				COPY_PHASE_STRIP = NO;
				DEBUG_INFORMATION_FORMAT = dwarf;
				ENABLE_STRICT_OBJC_MSGSEND = YES;
				ENABLE_TESTABILITY = YES;
				GCC_C_LANGUAGE_STANDARD = gnu11;
				GCC_DYNAMIC_NO_PIC = NO;
				GCC_NO_COMMON_BLOCKS = YES;
				GCC_OPTIMIZATION_LEVEL = 0;
				GCC_PREPROCESSOR_DEFINITIONS = (
					"DEBUG=1",
					"$(inherited)",
				);
				GCC_WARN_64_TO_32_BIT_CONVERSION = YES;
				GCC_WARN_ABOUT_RETURN_TYPE = YES_ERROR;
				GCC_WARN_UNDECLARED_SELECTOR = YES;
				GCC_WARN_UNINITIALIZED_AUTOS = YES_AGGRESSIVE;
				GCC_WARN_UNUSED_FUNCTION = YES;
				GCC_WARN_UNUSED_VARIABLE = YES;
				IPHONEOS_DEPLOYMENT_TARGET = 16.4;
				MTL_ENABLE_DEBUG_INFO = INCLUDE_SOURCE;
				MTL_FAST_MATH = YES;
				ONLY_ACTIVE_ARCH = YES;
				SDKROOT = iphoneos;
				SWIFT_ACTIVE_COMPILATION_CONDITIONS = DEBUG;
				SWIFT_OPTIMIZATION_LEVEL = "-Onone";
			};
			name = Debug;
		};
		94EBDF5F2A3D73A90095C776 /* Release */ = {
			isa = XCBuildConfiguration;
			buildSettings = {
				ALWAYS_SEARCH_USER_PATHS = NO;
				CLANG_ANALYZER_NONNULL = YES;
				CLANG_ANALYZER_NUMBER_OBJECT_CONVERSION = YES_AGGRESSIVE;
				CLANG_CXX_LANGUAGE_STANDARD = "gnu++20";
				CLANG_ENABLE_MODULES = YES;
				CLANG_ENABLE_OBJC_ARC = YES;
				CLANG_ENABLE_OBJC_WEAK = YES;
				CLANG_WARN_BLOCK_CAPTURE_AUTORELEASING = YES;
				CLANG_WARN_BOOL_CONVERSION = YES;
				CLANG_WARN_COMMA = YES;
				CLANG_WARN_CONSTANT_CONVERSION = YES;
				CLANG_WARN_DEPRECATED_OBJC_IMPLEMENTATIONS = YES;
				CLANG_WARN_DIRECT_OBJC_ISA_USAGE = YES_ERROR;
				CLANG_WARN_DOCUMENTATION_COMMENTS = YES;
				CLANG_WARN_EMPTY_BODY = YES;
				CLANG_WARN_ENUM_CONVERSION = YES;
				CLANG_WARN_INFINITE_RECURSION = YES;
				CLANG_WARN_INT_CONVERSION = YES;
				CLANG_WARN_NON_LITERAL_NULL_CONVERSION = YES;
				CLANG_WARN_OBJC_IMPLICIT_RETAIN_SELF = YES;
				CLANG_WARN_OBJC_LITERAL_CONVERSION = YES;
				CLANG_WARN_OBJC_ROOT_CLASS = YES_ERROR;
				CLANG_WARN_QUOTED_INCLUDE_IN_FRAMEWORK_HEADER = YES;
				CLANG_WARN_RANGE_LOOP_ANALYSIS = YES;
				CLANG_WARN_STRICT_PROTOTYPES = YES;
				CLANG_WARN_SUSPICIOUS_MOVE = YES;
				CLANG_WARN_UNGUARDED_AVAILABILITY = YES_AGGRESSIVE;
				CLANG_WARN_UNREACHABLE_CODE = YES;
				CLANG_WARN__DUPLICATE_METHOD_MATCH = YES;
				COPY_PHASE_STRIP = NO;
				DEBUG_INFORMATION_FORMAT = "dwarf-with-dsym";
				ENABLE_NS_ASSERTIONS = NO;
				ENABLE_STRICT_OBJC_MSGSEND = YES;
				GCC_C_LANGUAGE_STANDARD = gnu11;
				GCC_NO_COMMON_BLOCKS = YES;
				GCC_WARN_64_TO_32_BIT_CONVERSION = YES;
				GCC_WARN_ABOUT_RETURN_TYPE = YES_ERROR;
				GCC_WARN_UNDECLARED_SELECTOR = YES;
				GCC_WARN_UNINITIALIZED_AUTOS = YES_AGGRESSIVE;
				GCC_WARN_UNUSED_FUNCTION = YES;
				GCC_WARN_UNUSED_VARIABLE = YES;
				IPHONEOS_DEPLOYMENT_TARGET = 16.4;
				MTL_ENABLE_DEBUG_INFO = NO;
				MTL_FAST_MATH = YES;
				SDKROOT = iphoneos;
				SWIFT_COMPILATION_MODE = wholemodule;
				SWIFT_OPTIMIZATION_LEVEL = "-O";
				VALIDATE_PRODUCT = YES;
			};
			name = Release;
		};
		94EBDF612A3D73A90095C776 /* Debug */ = {
			isa = XCBuildConfiguration;
			buildSettings = {
				ASSETCATALOG_COMPILER_APPICON_NAME = AppIcon;
				ASSETCATALOG_COMPILER_GLOBAL_ACCENT_COLOR_NAME = AccentColor;
				CLANG_ENABLE_MODULES = YES;
				CODE_SIGN_STYLE = Automatic;
				CURRENT_PROJECT_VERSION = 1;
				DEVELOPMENT_ASSET_PATHS = "\"EnglishSearch/Preview Content\"";
				DEVELOPMENT_TEAM = TUKD5UXC58;
				ENABLE_PREVIEWS = YES;
				GENERATE_INFOPLIST_FILE = YES;
				INFOPLIST_FILE = EnglishSearch/Info.plist;
				INFOPLIST_KEY_UIApplicationSceneManifest_Generation = YES;
				INFOPLIST_KEY_UIApplicationSupportsIndirectInputEvents = YES;
				INFOPLIST_KEY_UILaunchScreen_Generation = YES;
				INFOPLIST_KEY_UISupportedInterfaceOrientations_iPad = "UIInterfaceOrientationPortrait UIInterfaceOrientationPortraitUpsideDown UIInterfaceOrientationLandscapeLeft UIInterfaceOrientationLandscapeRight";
				INFOPLIST_KEY_UISupportedInterfaceOrientations_iPhone = "UIInterfaceOrientationPortrait UIInterfaceOrientationLandscapeLeft UIInterfaceOrientationLandscapeRight";
				INFOPLIST_KEY_UISupportsDocumentBrowser = YES;
				LD_RUNPATH_SEARCH_PATHS = (
					"$(inherited)",
					"@executable_path/Frameworks",
				);
				MARKETING_VERSION = 1.0;
				PRODUCT_BUNDLE_IDENTIFIER = sangtruong.text.EnglishSearch;
				PRODUCT_NAME = "$(TARGET_NAME)";
				SWIFT_EMIT_LOC_STRINGS = YES;
				SWIFT_OPTIMIZATION_LEVEL = "-Onone";
				SWIFT_VERSION = 5.0;
				TARGETED_DEVICE_FAMILY = "1,2";
			};
			name = Debug;
		};
		94EBDF622A3D73A90095C776 /* Release */ = {
			isa = XCBuildConfiguration;
			buildSettings = {
				ASSETCATALOG_COMPILER_APPICON_NAME = AppIcon;
				ASSETCATALOG_COMPILER_GLOBAL_ACCENT_COLOR_NAME = AccentColor;
				CLANG_ENABLE_MODULES = YES;
				CODE_SIGN_STYLE = Automatic;
				CURRENT_PROJECT_VERSION = 1;
				DEVELOPMENT_ASSET_PATHS = "\"EnglishSearch/Preview Content\"";
				DEVELOPMENT_TEAM = TUKD5UXC58;
				ENABLE_PREVIEWS = YES;
				GENERATE_INFOPLIST_FILE = YES;
				INFOPLIST_FILE = EnglishSearch/Info.plist;
				INFOPLIST_KEY_UIApplicationSceneManifest_Generation = YES;
				INFOPLIST_KEY_UIApplicationSupportsIndirectInputEvents = YES;
				INFOPLIST_KEY_UILaunchScreen_Generation = YES;
				INFOPLIST_KEY_UISupportedInterfaceOrientations_iPad = "UIInterfaceOrientationPortrait UIInterfaceOrientationPortraitUpsideDown UIInterfaceOrientationLandscapeLeft UIInterfaceOrientationLandscapeRight";
				INFOPLIST_KEY_UISupportedInterfaceOrientations_iPhone = "UIInterfaceOrientationPortrait UIInterfaceOrientationLandscapeLeft UIInterfaceOrientationLandscapeRight";
				INFOPLIST_KEY_UISupportsDocumentBrowser = YES;
				LD_RUNPATH_SEARCH_PATHS = (
					"$(inherited)",
					"@executable_path/Frameworks",
				);
				MARKETING_VERSION = 1.0;
				PRODUCT_BUNDLE_IDENTIFIER = sangtruong.text.EnglishSearch;
				PRODUCT_NAME = "$(TARGET_NAME)";
				SWIFT_EMIT_LOC_STRINGS = YES;
				SWIFT_VERSION = 5.0;
				TARGETED_DEVICE_FAMILY = "1,2";
			};
			name = Release;
		};
/* End XCBuildConfiguration section */

/* Begin XCConfigurationList section */
		94EBDF4A2A3D73A70095C776 /* Build configuration list for PBXProject "EnglishSearch" */ = {
			isa = XCConfigurationList;
			buildConfigurations = (
				94EBDF5E2A3D73A90095C776 /* Debug */,
				94EBDF5F2A3D73A90095C776 /* Release */,
			);
			defaultConfigurationIsVisible = 0;
			defaultConfigurationName = Release;
		};
		94EBDF602A3D73A90095C776 /* Build configuration list for PBXNativeTarget "EnglishSearch" */ = {
			isa = XCConfigurationList;
			buildConfigurations = (
				94EBDF612A3D73A90095C776 /* Debug */,
				94EBDF622A3D73A90095C776 /* Release */,
			);
			defaultConfigurationIsVisible = 0;
			defaultConfigurationName = Release;
		};
/* End XCConfigurationList section */
	};
	rootObject = 94EBDF472A3D73A70095C776 /* Project object */;
}
