// !$*UTF8*$!
{
	archiveVersion = 1;
	classes = {
	};
	objectVersion = 56;
	objects = {

/* Begin PBXBuildFile section */
		942F0A032A4090FF00E50FDE /* [English]Learn English Conversation - Oxford English Daily Conversation Part 2[Checksub.com].txt in Resources */ = {isa = PBXBuildFile; fileRef = 942F0A022A4090FF00E50FDE /* [English]Learn English Conversation - Oxford English Daily Conversation Part 2[Checksub.com].txt */; };
		942F0A1D2A40AB5300E50FDE /* [English] Advanced English Conversation_ Vocabulary, Phrasal Verb, Pronunciation [DownSub.com].txt in Resources */ = {isa = PBXBuildFile; fileRef = 942F0A1C2A40AB5300E50FDE /* [English] Advanced English Conversation_ Vocabulary, Phrasal Verb, Pronunciation [DownSub.com].txt */; };
		942F0A232A40AE1900E50FDE /* [English] Basic English Conversation Practice for Kids _ Chapter 1 to 20 [DownSub.com].txt in Resources */ = {isa = PBXBuildFile; fileRef = 942F0A222A40AE1800E50FDE /* [English] Basic English Conversation Practice for Kids _ Chapter 1 to 20 [DownSub.com].txt */; };
		942F0A272A40AEA000E50FDE /* [English] Basic English Conversation Practice for Kids _ Chapter 21 to 35 [DownSub.com].txt in Resources */ = {isa = PBXBuildFile; fileRef = 942F0A262A40AEA000E50FDE /* [English] Basic English Conversation Practice for Kids _ Chapter 21 to 35 [DownSub.com].txt */; };
		942F0A292A40B13600E50FDE /* [English (auto-generated)-Vietnamese] 2 HOURS of English Conversation Dialogues Listening Practice [DownSub.com].txt in Resources */ = {isa = PBXBuildFile; fileRef = 942F0A282A40B13600E50FDE /* [English (auto-generated)-Vietnamese] 2 HOURS of English Conversation Dialogues Listening Practice [DownSub.com].txt */; };
		942F0A2B2A40B1D900E50FDE /* [English (auto-generated)-Vietnamese] Lisas real Sister! - Conversation in English - English Communication Lesson [DownSub.com].txt in Resources */ = {isa = PBXBuildFile; fileRef = 942F0A2A2A40B1D900E50FDE /* [English (auto-generated)-Vietnamese] Lisas real Sister! - Conversation in English - English Communication Lesson [DownSub.com].txt */; };
		942F0A2D2A40B22800E50FDE /* [English (auto-generated)-Vietnamese] Clara is back! - Conversation in English - English Communication Lesson [DownSub.com].txt in Resources */ = {isa = PBXBuildFile; fileRef = 942F0A2C2A40B22800E50FDE /* [English (auto-generated)-Vietnamese] Clara is back! - Conversation in English - English Communication Lesson [DownSub.com].txt */; };
		942F0A2F2A40B29A00E50FDE /* [English (auto-generated)-Vietnamese] Advanced English Conversation_ Talking Jobs and Time Off (British & American English with subtitles) [DownSub.com].txt in Resources */ = {isa = PBXBuildFile; fileRef = 942F0A2E2A40B29A00E50FDE /* [English (auto-generated)-Vietnamese] Advanced English Conversation_ Talking Jobs and Time Off (British & American English with subtitles) [DownSub.com].txt */; };
		942F0A312A40B2E500E50FDE /* [English (auto-generated)-Vietnamese] 1.5 HOUR English Conversation Lesson [DownSub.com].txt in Resources */ = {isa = PBXBuildFile; fileRef = 942F0A302A40B2E500E50FDE /* [English (auto-generated)-Vietnamese] 1.5 HOUR English Conversation Lesson [DownSub.com].txt */; };
		942F0A332A40B35C00E50FDE /* [English-Vietnamese] Speak With Me_ 2 Hour English Speaking Practice [DownSub.com].txt in Resources */ = {isa = PBXBuildFile; fileRef = 942F0A322A40B35C00E50FDE /* [English-Vietnamese] Speak With Me_ 2 Hour English Speaking Practice [DownSub.com].txt */; };
		942F0A392A40B5D500E50FDE /* [English (auto-generated)] 200 English Questions and Answers and more for Everyday Conversation by Topic [DownSub.com].txt in Resources */ = {isa = PBXBuildFile; fileRef = 942F0A382A40B5D500E50FDE /* [English (auto-generated)] 200 English Questions and Answers and more for Everyday Conversation by Topic [DownSub.com].txt */; };
		942F0A3D2A40B6F500E50FDE /* [English (auto-generated)-Vietnamese] English Conversation_ Learn while you Sleep - Fast Vocabulary Increase with Jessica [DownSub.com].txt in Resources */ = {isa = PBXBuildFile; fileRef = 942F0A3C2A40B6F500E50FDE /* [English (auto-generated)-Vietnamese] English Conversation_ Learn while you Sleep - Fast Vocabulary Increase with Jessica [DownSub.com].txt */; };
		942F0A3F2A40B72B00E50FDE /* [English (auto-generated)-Vietnamese] 1000 Basic English Question and Answers and more for daily conversation [DownSub.com].txt in Resources */ = {isa = PBXBuildFile; fileRef = 942F0A3E2A40B72B00E50FDE /* [English (auto-generated)-Vietnamese] 1000 Basic English Question and Answers and more for daily conversation [DownSub.com].txt */; };
		942F0A412A40B79400E50FDE /* [English (auto-generated)-Vietnamese] Daily English Conversation Practice by Topic - Questions and Answers in English Conversation [DownSub.com].txt in Resources */ = {isa = PBXBuildFile; fileRef = 942F0A402A40B79400E50FDE /* [English (auto-generated)-Vietnamese] Daily English Conversation Practice by Topic - Questions and Answers in English Conversation [DownSub.com].txt */; };
		942F0A452A40B8D700E50FDE /* [English (auto-generated)-Vietnamese] ★ Sleep Learning English ★ Listening Practice, With Subtitles #03 [DownSub.com].txt in Resources */ = {isa = PBXBuildFile; fileRef = 942F0A442A40B8D700E50FDE /* [English (auto-generated)-Vietnamese] ★ Sleep Learning English ★ Listening Practice, With Subtitles #03 [DownSub.com].txt */; };
		94779E8D2A3FCB7A001DEFEA /* [English]How to Network Like A Pro _ Async_Await _ Pagination _ Error Handling _ From A Meta Engineer[Checksub.com].txt in Resources */ = {isa = PBXBuildFile; fileRef = 94779E8C2A3FCB7A001DEFEA /* [English]How to Network Like A Pro _ Async_Await _ Pagination _ Error Handling _ From A Meta Engineer[Checksub.com].txt */; };
		94779E912A3FD02B001DEFEA /* [English]NEVER Confuse @State vs @Binding Again __ SwiftUI Property Wrappers[Checksub.com].txt in Resources */ = {isa = PBXBuildFile; fileRef = 94779E902A3FD02B001DEFEA /* [English]NEVER Confuse @State vs @Binding Again __ SwiftUI Property Wrappers[Checksub.com].txt */; };
		94779E952A3FD201001DEFEA /* [English]DON'T Make this MISTAKE __ StateObject vs ObservedObject _ What's the Difference_[Checksub.com].txt in Resources */ = {isa = PBXBuildFile; fileRef = 94779E942A3FD201001DEFEA /* [English]DON'T Make this MISTAKE __ StateObject vs ObservedObject _ What's the Difference_[Checksub.com].txt */; };
		9481787C2A42185200FF2130 /* [English]Sundar Pichai, CEO of Google and Alphabet[Checksub.com].txt in Resources */ = {isa = PBXBuildFile; fileRef = 9481787A2A42185200FF2130 /* [English]Sundar Pichai, CEO of Google and Alphabet[Checksub.com].txt */; };
		948178812A4219E800FF2130 /* [English]S02E01 Grit & Growth | The Big Picture_ Hakeem Belo-Osagie on African Entrepreneurship[Checksub.com].txt in Resources */ = {isa = PBXBuildFile; fileRef = 9481787F2A4219E800FF2130 /* [English]S02E01 Grit & Growth | The Big Picture_ Hakeem Belo-Osagie on African Entrepreneurship[Checksub.com].txt */; };
		948178892A421BD100FF2130 /* [English]Ruth Zukerman, Co-Founder of SoulCycle and Flywheel Sports[Checksub.com].txt in Resources */ = {isa = PBXBuildFile; fileRef = 948178872A421BD100FF2130 /* [English]Ruth Zukerman, Co-Founder of SoulCycle and Flywheel Sports[Checksub.com].txt */; };
		9481788D2A421D1900FF2130 /* [English]Apple CEO Tim Cook on The David Rubenstein Show[Checksub.com].txt in Resources */ = {isa = PBXBuildFile; fileRef = 9481788B2A421D1900FF2130 /* [English]Apple CEO Tim Cook on The David Rubenstein Show[Checksub.com].txt */; };
		948178902A421E2900FF2130 /* [English]The Talk Show Live From WWDC 2023[Checksub.com].txt in Resources */ = {isa = PBXBuildFile; fileRef = 9481788E2A421E2800FF2130 /* [English]The Talk Show Live From WWDC 2023[Checksub.com].txt */; };
		948178942A421F5200FF2130 /* [Vietnamese]The Talk Show Live From WWDC 2022[Checksub.com].txt in Resources */ = {isa = PBXBuildFile; fileRef = 948178922A421F5100FF2130 /* [Vietnamese]The Talk Show Live From WWDC 2022[Checksub.com].txt */; };
		948178952A421F5200FF2130 /* [English]The Talk Show Live From WWDC 2022[Checksub.com].txt in Resources */ = {isa = PBXBuildFile; fileRef = 948178932A421F5200FF2130 /* [English]The Talk Show Live From WWDC 2022[Checksub.com].txt */; };
		948178982A42247C00FF2130 /* [English]Learn English with Taylor Swift Talk Show - English Subtitles[Checksub.com].txt in Resources */ = {isa = PBXBuildFile; fileRef = 948178962A42247B00FF2130 /* [English]Learn English with Taylor Swift Talk Show - English Subtitles[Checksub.com].txt */; };
		94B04ADF2A41E81B007FAB49 /* [English]Free iOS Development Course _ Building a CryptoCurrency App with SwiftUI[Checksub.com].txt in Resources */ = {isa = PBXBuildFile; fileRef = 94B04ADE2A41E81B007FAB49 /* [English]Free iOS Development Course _ Building a CryptoCurrency App with SwiftUI[Checksub.com].txt */; };
		94B04AE32A41E965007FAB49 /* [English] Let's Build UBER with SwiftUI _ iOS 16 & Xcode 14[Checksub.com].txt in Resources */ = {isa = PBXBuildFile; fileRef = 94B04AE22A41E965007FAB49 /* [English] Let's Build UBER with SwiftUI _ iOS 16 & Xcode 14[Checksub.com].txt */; };
		94D8CD442A41EDCB004BE080 /* [English]Stacks __ Build Spotify UI __ SwiftUI Bootcamp #6[Checksub.com].txt in Resources */ = {isa = PBXBuildFile; fileRef = 94D8CD432A41EDCB004BE080 /* [English]Stacks __ Build Spotify UI __ SwiftUI Bootcamp #6[Checksub.com].txt */; };
		94D8CD482A41EED6004BE080 /* [English]LIVE Job Interview For Senior Software Engineering Position!![Checksub.com].txt in Resources */ = {isa = PBXBuildFile; fileRef = 94D8CD472A41EED6004BE080 /* [English]LIVE Job Interview For Senior Software Engineering Position!![Checksub.com].txt */; };
		94D8CD4E2A41F882004BE080 /* [English]Build A Pokedex With SwiftUI 2.0 _ MVVM _ Network Layer _ iOS 14 _ Swift 5[Checksub.com].txt in Resources */ = {isa = PBXBuildFile; fileRef = 94D8CD4D2A41F882004BE080 /* [English]Build A Pokedex With SwiftUI 2.0 _ MVVM _ Network Layer _ iOS 14 _ Swift 5[Checksub.com].txt */; };
		94D8CD532A420019004BE080 /* [English]S02E13 Grit & Growth _ Scaling Your Business_ It’s All About The People[Checksub.com].txt in Resources */ = {isa = PBXBuildFile; fileRef = 94D8CD522A420019004BE080 /* [English]S02E13 Grit & Growth _ Scaling Your Business_ It’s All About The People[Checksub.com].txt */; };
		94D8CD572A420121004BE080 /* [English]S03E02 Grit & Growth _ Executive Coaching_ From Self-Doubt to Self-Awareness[Checksub.com].txt in Resources */ = {isa = PBXBuildFile; fileRef = 94D8CD562A420121004BE080 /* [English]S03E02 Grit & Growth _ Executive Coaching_ From Self-Doubt to Self-Awareness[Checksub.com].txt */; };
		94D8CD5B2A4201BA004BE080 /* [English]Jacqueline Novogratz, Founder and CEO of Acumen_ Balancing Humility with Audacity[Checksub.com].txt in Resources */ = {isa = PBXBuildFile; fileRef = 94D8CD5A2A4201BA004BE080 /* [English]Jacqueline Novogratz, Founder and CEO of Acumen_ Balancing Humility with Audacity[Checksub.com].txt */; };
		94D8CD5F2A42025A004BE080 /* [English]“Power” Fireside Chat_ Professor Jeff Pfeffer and Dean Jon Levin[Checksub.com].txt in Resources */ = {isa = PBXBuildFile; fileRef = 94D8CD5E2A42025A004BE080 /* [English]“Power” Fireside Chat_ Professor Jeff Pfeffer and Dean Jon Levin[Checksub.com].txt */; };
		94D8CD632A420318004BE080 /* [English]Jennifer Hyman, Co-founder and CEO, Rent the Runway[Checksub.com].txt in Resources */ = {isa = PBXBuildFile; fileRef = 94D8CD622A420318004BE080 /* [English]Jennifer Hyman, Co-founder and CEO, Rent the Runway[Checksub.com].txt */; };
		94D8CD672A4203E1004BE080 /* [English]Whitney Wolfe, Founder and CEO of Bumble and Co-Founder of Tinder[Checksub.com].txt in Resources */ = {isa = PBXBuildFile; fileRef = 94D8CD662A4203E1004BE080 /* [English]Whitney Wolfe, Founder and CEO of Bumble and Co-Founder of Tinder[Checksub.com].txt */; };
		94D8CD6B2A420489004BE080 /* [English]Brian Chesky, Co-Founder and CEO of Airbnb_ Designing a 10-star Experience[Checksub.com].txt in Resources */ = {isa = PBXBuildFile; fileRef = 94D8CD6A2A420489004BE080 /* [English]Brian Chesky, Co-Founder and CEO of Airbnb_ Designing a 10-star Experience[Checksub.com].txt */; };
		94D8CD6F2A420539004BE080 /* [English]Cynt Marshall, CEO of the Dallas Mavericks[Checksub.com].txt in Resources */ = {isa = PBXBuildFile; fileRef = 94D8CD6E2A420539004BE080 /* [English]Cynt Marshall, CEO of the Dallas Mavericks[Checksub.com].txt */; };
		94D8CD732A4205D1004BE080 /* [English]The Inside Scoop on the SEC with Former Commissioner Allison Herren Lee[Checksub.com].txt in Resources */ = {isa = PBXBuildFile; fileRef = 94D8CD722A4205D1004BE080 /* [English]The Inside Scoop on the SEC with Former Commissioner Allison Herren Lee[Checksub.com].txt */; };
		94D8CD772A420677004BE080 /* [English]Tristan Walker, CEO of Walker & Company_ The Problem with Sameness[Checksub.com].txt in Resources */ = {isa = PBXBuildFile; fileRef = 94D8CD762A420677004BE080 /* [English]Tristan Walker, CEO of Walker & Company_ The Problem with Sameness[Checksub.com].txt */; };
		94D8CD7B2A420751004BE080 /* [English]Stanford Doerr School of Sustainability Chat with  John Doerr, Jon Levin, and Arun Majumdar[Checksub.com].txt in Resources */ = {isa = PBXBuildFile; fileRef = 94D8CD7A2A420751004BE080 /* [English]Stanford Doerr School of Sustainability Chat with  John Doerr, Jon Levin, and Arun Majumdar[Checksub.com].txt */; };
		94D8CD7F2A42087C004BE080 /* [English]S02E06 Grit & Growth | Negotiation_ When to Stay and When to Walk Away[Checksub.com].txt in Resources */ = {isa = PBXBuildFile; fileRef = 94D8CD7E2A42087C004BE080 /* [English]S02E06 Grit & Growth | Negotiation_ When to Stay and When to Walk Away[Checksub.com].txt */; };
		94D8CD832A42093D004BE080 /* [English]Anne Wojcicki, Co-founder and CEO of 23andMe[Checksub.com].txt in Resources */ = {isa = PBXBuildFile; fileRef = 94D8CD822A42093D004BE080 /* [English]Anne Wojcicki, Co-founder and CEO of 23andMe[Checksub.com].txt */; };
		94D8CD872A420A3D004BE080 /* [English]Dean Jon Levin and Professor Neil Malhotra_ Social Innovation at the Stanford GSB[Checksub.com].txt in Resources */ = {isa = PBXBuildFile; fileRef = 94D8CD862A420A3D004BE080 /* [English]Dean Jon Levin and Professor Neil Malhotra_ Social Innovation at the Stanford GSB[Checksub.com].txt */; };
		94D8CD8C2A420B12004BE080 /* [English]Dara Treseder, SVP, Global Head of Marketing, Communications & Membership of Peloton[Checksub.com].txt in Resources */ = {isa = PBXBuildFile; fileRef = 94D8CD8A2A420B12004BE080 /* [English]Dara Treseder, SVP, Global Head of Marketing, Communications & Membership of Peloton[Checksub.com].txt */; };
		94D8CD8F2A420BD9004BE080 /* [English]Tony Elumelu, founder of The Tony Elumelu Foundation[Checksub.com].txt in Resources */ = {isa = PBXBuildFile; fileRef = 94D8CD8E2A420BD9004BE080 /* [English]Tony Elumelu, founder of The Tony Elumelu Foundation[Checksub.com].txt */; };
		94EBDF6F2A3D88CD0095C776 /* transcript2.txt in Resources */ = {isa = PBXBuildFile; fileRef = 94EBDF6E2A3D88CD0095C776 /* transcript2.txt */; };
		94EBDF712A3D8A3C0095C776 /* transcript.pdf in Resources */ = {isa = PBXBuildFile; fileRef = 94EBDF702A3D8A3C0095C776 /* transcript.pdf */; };
		94EBDF752A3D8CB20095C776 /* transcript2.pdf in Resources */ = {isa = PBXBuildFile; fileRef = 94EBDF742A3D8CB20095C776 /* transcript2.pdf */; };
		94EBDF772A3D8E1F0095C776 /* transcript.txt in Resources */ = {isa = PBXBuildFile; fileRef = 94EBDF762A3D8E1F0095C776 /* transcript.txt */; };
/* End PBXBuildFile section */

/* Begin PBXFileReference section */
		942F0A022A4090FF00E50FDE /* [English]Learn English Conversation - Oxford English Daily Conversation Part 2[Checksub.com].txt */ = {isa = PBXFileReference; fileEncoding = 4; lastKnownFileType = text; path = "[English]Learn English Conversation - Oxford English Daily Conversation Part 2[Checksub.com].txt"; sourceTree = "<group>"; };
		942F0A1C2A40AB5300E50FDE /* [English] Advanced English Conversation_ Vocabulary, Phrasal Verb, Pronunciation [DownSub.com].txt */ = {isa = PBXFileReference; fileEncoding = 4; lastKnownFileType = text; path = "[English] Advanced English Conversation_ Vocabulary, Phrasal Verb, Pronunciation [DownSub.com].txt"; sourceTree = "<group>"; };
		942F0A222A40AE1800E50FDE /* [English] Basic English Conversation Practice for Kids _ Chapter 1 to 20 [DownSub.com].txt */ = {isa = PBXFileReference; fileEncoding = 4; lastKnownFileType = text; path = "[English] Basic English Conversation Practice for Kids _ Chapter 1 to 20 [DownSub.com].txt"; sourceTree = "<group>"; };
		942F0A262A40AEA000E50FDE /* [English] Basic English Conversation Practice for Kids _ Chapter 21 to 35 [DownSub.com].txt */ = {isa = PBXFileReference; fileEncoding = 4; lastKnownFileType = text; path = "[English] Basic English Conversation Practice for Kids _ Chapter 21 to 35 [DownSub.com].txt"; sourceTree = "<group>"; };
		942F0A282A40B13600E50FDE /* [English (auto-generated)-Vietnamese] 2 HOURS of English Conversation Dialogues Listening Practice [DownSub.com].txt */ = {isa = PBXFileReference; fileEncoding = 4; lastKnownFileType = text; path = "[English (auto-generated)-Vietnamese] 2 HOURS of English Conversation Dialogues Listening Practice [DownSub.com].txt"; sourceTree = "<group>"; };
		942F0A2A2A40B1D900E50FDE /* [English (auto-generated)-Vietnamese] Lisas real Sister! - Conversation in English - English Communication Lesson [DownSub.com].txt */ = {isa = PBXFileReference; fileEncoding = 4; lastKnownFileType = text; path = "[English (auto-generated)-Vietnamese] Lisas real Sister! - Conversation in English - English Communication Lesson [DownSub.com].txt"; sourceTree = "<group>"; };
		942F0A2C2A40B22800E50FDE /* [English (auto-generated)-Vietnamese] Clara is back! - Conversation in English - English Communication Lesson [DownSub.com].txt */ = {isa = PBXFileReference; fileEncoding = 4; lastKnownFileType = text; path = "[English (auto-generated)-Vietnamese] Clara is back! - Conversation in English - English Communication Lesson [DownSub.com].txt"; sourceTree = "<group>"; };
		942F0A2E2A40B29A00E50FDE /* [English (auto-generated)-Vietnamese] Advanced English Conversation_ Talking Jobs and Time Off (British & American English with subtitles) [DownSub.com].txt */ = {isa = PBXFileReference; fileEncoding = 4; lastKnownFileType = text; path = "[English (auto-generated)-Vietnamese] Advanced English Conversation_ Talking Jobs and Time Off (British & American English with subtitles) [DownSub.com].txt"; sourceTree = "<group>"; };
		942F0A302A40B2E500E50FDE /* [English (auto-generated)-Vietnamese] 1.5 HOUR English Conversation Lesson [DownSub.com].txt */ = {isa = PBXFileReference; fileEncoding = 4; lastKnownFileType = text; path = "[English (auto-generated)-Vietnamese] 1.5 HOUR English Conversation Lesson [DownSub.com].txt"; sourceTree = "<group>"; };
		942F0A322A40B35C00E50FDE /* [English-Vietnamese] Speak With Me_ 2 Hour English Speaking Practice [DownSub.com].txt */ = {isa = PBXFileReference; fileEncoding = 4; lastKnownFileType = text; path = "[English-Vietnamese] Speak With Me_ 2 Hour English Speaking Practice [DownSub.com].txt"; sourceTree = "<group>"; };
		942F0A382A40B5D500E50FDE /* [English (auto-generated)] 200 English Questions and Answers and more for Everyday Conversation by Topic [DownSub.com].txt */ = {isa = PBXFileReference; fileEncoding = 4; lastKnownFileType = text; path = "[English (auto-generated)] 200 English Questions and Answers and more for Everyday Conversation by Topic [DownSub.com].txt"; sourceTree = "<group>"; };
		942F0A3C2A40B6F500E50FDE /* [English (auto-generated)-Vietnamese] English Conversation_ Learn while you Sleep - Fast Vocabulary Increase with Jessica [DownSub.com].txt */ = {isa = PBXFileReference; fileEncoding = 4; lastKnownFileType = text; path = "[English (auto-generated)-Vietnamese] English Conversation_ Learn while you Sleep - Fast Vocabulary Increase with Jessica [DownSub.com].txt"; sourceTree = "<group>"; };
		942F0A3E2A40B72B00E50FDE /* [English (auto-generated)-Vietnamese] 1000 Basic English Question and Answers and more for daily conversation [DownSub.com].txt */ = {isa = PBXFileReference; fileEncoding = 4; lastKnownFileType = text; path = "[English (auto-generated)-Vietnamese] 1000 Basic English Question and Answers and more for daily conversation [DownSub.com].txt"; sourceTree = "<group>"; };
		942F0A402A40B79400E50FDE /* [English (auto-generated)-Vietnamese] Daily English Conversation Practice by Topic - Questions and Answers in English Conversation [DownSub.com].txt */ = {isa = PBXFileReference; fileEncoding = 4; lastKnownFileType = text; path = "[English (auto-generated)-Vietnamese] Daily English Conversation Practice by Topic - Questions and Answers in English Conversation [DownSub.com].txt"; sourceTree = "<group>"; };
		942F0A442A40B8D700E50FDE /* [English (auto-generated)-Vietnamese] ★ Sleep Learning English ★ Listening Practice, With Subtitles #03 [DownSub.com].txt */ = {isa = PBXFileReference; fileEncoding = 4; lastKnownFileType = text; path = "[English (auto-generated)-Vietnamese] ★ Sleep Learning English ★ Listening Practice, With Subtitles #03 [DownSub.com].txt"; sourceTree = "<group>"; };
		94779E8C2A3FCB7A001DEFEA /* [English]How to Network Like A Pro _ Async_Await _ Pagination _ Error Handling _ From A Meta Engineer[Checksub.com].txt */ = {isa = PBXFileReference; fileEncoding = 4; lastKnownFileType = text; path = "[English]How to Network Like A Pro _ Async_Await _ Pagination _ Error Handling _ From A Meta Engineer[Checksub.com].txt"; sourceTree = "<group>"; };
		94779E902A3FD02B001DEFEA /* [English]NEVER Confuse @State vs @Binding Again __ SwiftUI Property Wrappers[Checksub.com].txt */ = {isa = PBXFileReference; fileEncoding = 4; lastKnownFileType = text; path = "[English]NEVER Confuse @State vs @Binding Again __ SwiftUI Property Wrappers[Checksub.com].txt"; sourceTree = "<group>"; };
		94779E942A3FD201001DEFEA /* [English]DON'T Make this MISTAKE __ StateObject vs ObservedObject _ What's the Difference_[Checksub.com].txt */ = {isa = PBXFileReference; fileEncoding = 4; lastKnownFileType = text; path = "[English]DON'T Make this MISTAKE __ StateObject vs ObservedObject _ What's the Difference_[Checksub.com].txt"; sourceTree = "<group>"; };
		9481787A2A42185200FF2130 /* [English]Sundar Pichai, CEO of Google and Alphabet[Checksub.com].txt */ = {isa = PBXFileReference; fileEncoding = 4; lastKnownFileType = text; path = "[English]Sundar Pichai, CEO of Google and Alphabet[Checksub.com].txt"; sourceTree = "<group>"; };
		9481787F2A4219E800FF2130 /* [English]S02E01 Grit & Growth | The Big Picture_ Hakeem Belo-Osagie on African Entrepreneurship[Checksub.com].txt */ = {isa = PBXFileReference; fileEncoding = 4; lastKnownFileType = text; path = "[English]S02E01 Grit & Growth | The Big Picture_ Hakeem Belo-Osagie on African Entrepreneurship[Checksub.com].txt"; sourceTree = "<group>"; };
		948178872A421BD100FF2130 /* [English]Ruth Zukerman, Co-Founder of SoulCycle and Flywheel Sports[Checksub.com].txt */ = {isa = PBXFileReference; fileEncoding = 4; lastKnownFileType = text; path = "[English]Ruth Zukerman, Co-Founder of SoulCycle and Flywheel Sports[Checksub.com].txt"; sourceTree = "<group>"; };
		9481788B2A421D1900FF2130 /* [English]Apple CEO Tim Cook on The David Rubenstein Show[Checksub.com].txt */ = {isa = PBXFileReference; fileEncoding = 4; lastKnownFileType = text; path = "[English]Apple CEO Tim Cook on The David Rubenstein Show[Checksub.com].txt"; sourceTree = "<group>"; };
		9481788E2A421E2800FF2130 /* [English]The Talk Show Live From WWDC 2023[Checksub.com].txt */ = {isa = PBXFileReference; fileEncoding = 4; lastKnownFileType = text; path = "[English]The Talk Show Live From WWDC 2023[Checksub.com].txt"; sourceTree = "<group>"; };
		948178922A421F5100FF2130 /* [Vietnamese]The Talk Show Live From WWDC 2022[Checksub.com].txt */ = {isa = PBXFileReference; fileEncoding = 4; lastKnownFileType = text; path = "[Vietnamese]The Talk Show Live From WWDC 2022[Checksub.com].txt"; sourceTree = "<group>"; };
		948178932A421F5200FF2130 /* [English]The Talk Show Live From WWDC 2022[Checksub.com].txt */ = {isa = PBXFileReference; fileEncoding = 4; lastKnownFileType = text; path = "[English]The Talk Show Live From WWDC 2022[Checksub.com].txt"; sourceTree = "<group>"; };
		948178962A42247B00FF2130 /* [English]Learn English with Taylor Swift Talk Show - English Subtitles[Checksub.com].txt */ = {isa = PBXFileReference; fileEncoding = 4; lastKnownFileType = text; path = "[English]Learn English with Taylor Swift Talk Show - English Subtitles[Checksub.com].txt"; sourceTree = "<group>"; };
		94B04ADD2A41195C007FAB49 /* docs.md */ = {isa = PBXFileReference; lastKnownFileType = net.daringfireball.markdown; path = docs.md; sourceTree = "<group>"; };
		94B04ADE2A41E81B007FAB49 /* [English]Free iOS Development Course _ Building a CryptoCurrency App with SwiftUI[Checksub.com].txt */ = {isa = PBXFileReference; fileEncoding = 4; lastKnownFileType = text; path = "[English]Free iOS Development Course _ Building a CryptoCurrency App with SwiftUI[Checksub.com].txt"; sourceTree = "<group>"; };
		94B04AE22A41E965007FAB49 /* [English] Let's Build UBER with SwiftUI _ iOS 16 & Xcode 14[Checksub.com].txt */ = {isa = PBXFileReference; fileEncoding = 4; lastKnownFileType = text; path = "[English] Let's Build UBER with SwiftUI _ iOS 16 & Xcode 14[Checksub.com].txt"; sourceTree = "<group>"; };
		94D8CD432A41EDCB004BE080 /* [English]Stacks __ Build Spotify UI __ SwiftUI Bootcamp #6[Checksub.com].txt */ = {isa = PBXFileReference; fileEncoding = 4; lastKnownFileType = text; path = "[English]Stacks __ Build Spotify UI __ SwiftUI Bootcamp #6[Checksub.com].txt"; sourceTree = "<group>"; };
		94D8CD472A41EED6004BE080 /* [English]LIVE Job Interview For Senior Software Engineering Position!![Checksub.com].txt */ = {isa = PBXFileReference; fileEncoding = 4; lastKnownFileType = text; path = "[English]LIVE Job Interview For Senior Software Engineering Position!![Checksub.com].txt"; sourceTree = "<group>"; };
		94D8CD4D2A41F882004BE080 /* [English]Build A Pokedex With SwiftUI 2.0 _ MVVM _ Network Layer _ iOS 14 _ Swift 5[Checksub.com].txt */ = {isa = PBXFileReference; fileEncoding = 4; lastKnownFileType = text; path = "[English]Build A Pokedex With SwiftUI 2.0 _ MVVM _ Network Layer _ iOS 14 _ Swift 5[Checksub.com].txt"; sourceTree = "<group>"; };
		94D8CD522A420019004BE080 /* [English]S02E13 Grit & Growth _ Scaling Your Business_ It’s All About The People[Checksub.com].txt */ = {isa = PBXFileReference; fileEncoding = 4; lastKnownFileType = text; path = "[English]S02E13 Grit & Growth _ Scaling Your Business_ It’s All About The People[Checksub.com].txt"; sourceTree = "<group>"; };
		94D8CD562A420121004BE080 /* [English]S03E02 Grit & Growth _ Executive Coaching_ From Self-Doubt to Self-Awareness[Checksub.com].txt */ = {isa = PBXFileReference; fileEncoding = 4; lastKnownFileType = text; path = "[English]S03E02 Grit & Growth _ Executive Coaching_ From Self-Doubt to Self-Awareness[Checksub.com].txt"; sourceTree = "<group>"; };
		94D8CD5A2A4201BA004BE080 /* [English]Jacqueline Novogratz, Founder and CEO of Acumen_ Balancing Humility with Audacity[Checksub.com].txt */ = {isa = PBXFileReference; fileEncoding = 4; lastKnownFileType = text; path = "[English]Jacqueline Novogratz, Founder and CEO of Acumen_ Balancing Humility with Audacity[Checksub.com].txt"; sourceTree = "<group>"; };
		94D8CD5E2A42025A004BE080 /* [English]“Power” Fireside Chat_ Professor Jeff Pfeffer and Dean Jon Levin[Checksub.com].txt */ = {isa = PBXFileReference; fileEncoding = 4; lastKnownFileType = text; path = "[English]“Power” Fireside Chat_ Professor Jeff Pfeffer and Dean Jon Levin[Checksub.com].txt"; sourceTree = "<group>"; };
		94D8CD622A420318004BE080 /* [English]Jennifer Hyman, Co-founder and CEO, Rent the Runway[Checksub.com].txt */ = {isa = PBXFileReference; fileEncoding = 4; lastKnownFileType = text; path = "[English]Jennifer Hyman, Co-founder and CEO, Rent the Runway[Checksub.com].txt"; sourceTree = "<group>"; };
		94D8CD662A4203E1004BE080 /* [English]Whitney Wolfe, Founder and CEO of Bumble and Co-Founder of Tinder[Checksub.com].txt */ = {isa = PBXFileReference; fileEncoding = 4; lastKnownFileType = text; path = "[English]Whitney Wolfe, Founder and CEO of Bumble and Co-Founder of Tinder[Checksub.com].txt"; sourceTree = "<group>"; };
		94D8CD6A2A420489004BE080 /* [English]Brian Chesky, Co-Founder and CEO of Airbnb_ Designing a 10-star Experience[Checksub.com].txt */ = {isa = PBXFileReference; fileEncoding = 4; lastKnownFileType = text; path = "[English]Brian Chesky, Co-Founder and CEO of Airbnb_ Designing a 10-star Experience[Checksub.com].txt"; sourceTree = "<group>"; };
		94D8CD6E2A420539004BE080 /* [English]Cynt Marshall, CEO of the Dallas Mavericks[Checksub.com].txt */ = {isa = PBXFileReference; fileEncoding = 4; lastKnownFileType = text; path = "[English]Cynt Marshall, CEO of the Dallas Mavericks[Checksub.com].txt"; sourceTree = "<group>"; };
		94D8CD722A4205D1004BE080 /* [English]The Inside Scoop on the SEC with Former Commissioner Allison Herren Lee[Checksub.com].txt */ = {isa = PBXFileReference; fileEncoding = 4; lastKnownFileType = text; path = "[English]The Inside Scoop on the SEC with Former Commissioner Allison Herren Lee[Checksub.com].txt"; sourceTree = "<group>"; };
		94D8CD762A420677004BE080 /* [English]Tristan Walker, CEO of Walker & Company_ The Problem with Sameness[Checksub.com].txt */ = {isa = PBXFileReference; fileEncoding = 4; lastKnownFileType = text; path = "[English]Tristan Walker, CEO of Walker & Company_ The Problem with Sameness[Checksub.com].txt"; sourceTree = "<group>"; };
		94D8CD7A2A420751004BE080 /* [English]Stanford Doerr School of Sustainability Chat with  John Doerr, Jon Levin, and Arun Majumdar[Checksub.com].txt */ = {isa = PBXFileReference; fileEncoding = 4; lastKnownFileType = text; path = "[English]Stanford Doerr School of Sustainability Chat with  John Doerr, Jon Levin, and Arun Majumdar[Checksub.com].txt"; sourceTree = "<group>"; };
		94D8CD7E2A42087C004BE080 /* [English]S02E06 Grit & Growth | Negotiation_ When to Stay and When to Walk Away[Checksub.com].txt */ = {isa = PBXFileReference; fileEncoding = 4; lastKnownFileType = text; path = "[English]S02E06 Grit & Growth | Negotiation_ When to Stay and When to Walk Away[Checksub.com].txt"; sourceTree = "<group>"; };
		94D8CD822A42093D004BE080 /* [English]Anne Wojcicki, Co-founder and CEO of 23andMe[Checksub.com].txt */ = {isa = PBXFileReference; fileEncoding = 4; lastKnownFileType = text; path = "[English]Anne Wojcicki, Co-founder and CEO of 23andMe[Checksub.com].txt"; sourceTree = "<group>"; };
		94D8CD862A420A3D004BE080 /* [English]Dean Jon Levin and Professor Neil Malhotra_ Social Innovation at the Stanford GSB[Checksub.com].txt */ = {isa = PBXFileReference; fileEncoding = 4; lastKnownFileType = text; path = "[English]Dean Jon Levin and Professor Neil Malhotra_ Social Innovation at the Stanford GSB[Checksub.com].txt"; sourceTree = "<group>"; };
		94D8CD8A2A420B12004BE080 /* [English]Dara Treseder, SVP, Global Head of Marketing, Communications & Membership of Peloton[Checksub.com].txt */ = {isa = PBXFileReference; fileEncoding = 4; lastKnownFileType = text; path = "[English]Dara Treseder, SVP, Global Head of Marketing, Communications & Membership of Peloton[Checksub.com].txt"; sourceTree = "<group>"; };
		94D8CD8E2A420BD9004BE080 /* [English]Tony Elumelu, founder of The Tony Elumelu Foundation[Checksub.com].txt */ = {isa = PBXFileReference; fileEncoding = 4; lastKnownFileType = text; path = "[English]Tony Elumelu, founder of The Tony Elumelu Foundation[Checksub.com].txt"; sourceTree = "<group>"; };
		94EBDF4F2A3D73A70095C776 /* EnglishSearch.app */ = {isa = PBXFileReference; explicitFileType = wrapper.application; includeInIndex = 0; path = EnglishSearch.app; sourceTree = BUILT_PRODUCTS_DIR; };
		94EBDF6E2A3D88CD0095C776 /* transcript2.txt */ = {isa = PBXFileReference; fileEncoding = 4; lastKnownFileType = text; path = transcript2.txt; sourceTree = "<group>"; };
		94EBDF702A3D8A3C0095C776 /* transcript.pdf */ = {isa = PBXFileReference; lastKnownFileType = image.pdf; path = transcript.pdf; sourceTree = "<group>"; };
		94EBDF742A3D8CB20095C776 /* transcript2.pdf */ = {isa = PBXFileReference; lastKnownFileType = image.pdf; path = transcript2.pdf; sourceTree = "<group>"; };
		94EBDF762A3D8E1F0095C776 /* transcript.txt */ = {isa = PBXFileReference; fileEncoding = 4; lastKnownFileType = text; path = transcript.txt; sourceTree = "<group>"; };
/* End PBXFileReference section */

/* Begin PBXFrameworksBuildPhase section */
		94EBDF4C2A3D73A70095C776 /* Frameworks */ = {
			isa = PBXFrameworksBuildPhase;
			buildActionMask = 2147483647;
			files = (
			);
			runOnlyForDeploymentPostprocessing = 0;
		};
/* End PBXFrameworksBuildPhase section */

/* Begin PBXGroup section */
		94779E842A3DD6EE001DEFEA /* Code🌼 */ = {
			isa = PBXGroup;
			children = (
				94D8CD4D2A41F882004BE080 /* [English]Build A Pokedex With SwiftUI 2.0 _ MVVM _ Network Layer _ iOS 14 _ Swift 5[Checksub.com].txt */,
				94D8CD472A41EED6004BE080 /* [English]LIVE Job Interview For Senior Software Engineering Position!![Checksub.com].txt */,
				94D8CD432A41EDCB004BE080 /* [English]Stacks __ Build Spotify UI __ SwiftUI Bootcamp #6[Checksub.com].txt */,
				94B04AE22A41E965007FAB49 /* [English] Let's Build UBER with SwiftUI _ iOS 16 & Xcode 14[Checksub.com].txt */,
				94B04ADE2A41E81B007FAB49 /* [English]Free iOS Development Course _ Building a CryptoCurrency App with SwiftUI[Checksub.com].txt */,
				94779E942A3FD201001DEFEA /* [English]DON'T Make this MISTAKE __ StateObject vs ObservedObject _ What's the Difference_[Checksub.com].txt */,
				94779E902A3FD02B001DEFEA /* [English]NEVER Confuse @State vs @Binding Again __ SwiftUI Property Wrappers[Checksub.com].txt */,
				94779E852A3F44AB001DEFEA /* How to Network Like A Pro - Async-Await - Pagination - Error Handling - From A Meta Enginee */,
				94EBDF722A3D8A530095C776 /* (49) COMPLETE User Login - Sign Up App - Swift UI + Firebase - Async  Await - YouTube */,
				94EBDF732A3D8C5D0095C776 /* (49) Let's Build Twitter with SwiftUI (iOS 15, Xcode 13, Firebase, SwiftUI 3.0) - YouTube */,
			);
			path = "Code🌼";
			sourceTree = "<group>";
		};
		94779E852A3F44AB001DEFEA /* How to Network Like A Pro - Async-Await - Pagination - Error Handling - From A Meta Enginee */ = {
			isa = PBXGroup;
			children = (
				94779E8C2A3FCB7A001DEFEA /* [English]How to Network Like A Pro _ Async_Await _ Pagination _ Error Handling _ From A Meta Engineer[Checksub.com].txt */,
			);
			path = "How to Network Like A Pro - Async-Await - Pagination - Error Handling - From A Meta Enginee";
			sourceTree = "<group>";
		};
		94D8CD512A42000E004BE080 /* Podcast🌺 */ = {
			isa = PBXGroup;
			children = (
				948178962A42247B00FF2130 /* [English]Learn English with Taylor Swift Talk Show - English Subtitles[Checksub.com].txt */,
				948178932A421F5200FF2130 /* [English]The Talk Show Live From WWDC 2022[Checksub.com].txt */,
				948178922A421F5100FF2130 /* [Vietnamese]The Talk Show Live From WWDC 2022[Checksub.com].txt */,
				9481788E2A421E2800FF2130 /* [English]The Talk Show Live From WWDC 2023[Checksub.com].txt */,
				9481788B2A421D1900FF2130 /* [English]Apple CEO Tim Cook on The David Rubenstein Show[Checksub.com].txt */,
				948178872A421BD100FF2130 /* [English]Ruth Zukerman, Co-Founder of SoulCycle and Flywheel Sports[Checksub.com].txt */,
				9481787F2A4219E800FF2130 /* [English]S02E01 Grit & Growth | The Big Picture_ Hakeem Belo-Osagie on African Entrepreneurship[Checksub.com].txt */,
				9481787A2A42185200FF2130 /* [English]Sundar Pichai, CEO of Google and Alphabet[Checksub.com].txt */,
				94D8CD8E2A420BD9004BE080 /* [English]Tony Elumelu, founder of The Tony Elumelu Foundation[Checksub.com].txt */,
				94D8CD8A2A420B12004BE080 /* [English]Dara Treseder, SVP, Global Head of Marketing, Communications & Membership of Peloton[Checksub.com].txt */,
				94D8CD862A420A3D004BE080 /* [English]Dean Jon Levin and Professor Neil Malhotra_ Social Innovation at the Stanford GSB[Checksub.com].txt */,
				94D8CD822A42093D004BE080 /* [English]Anne Wojcicki, Co-founder and CEO of 23andMe[Checksub.com].txt */,
				94D8CD7E2A42087C004BE080 /* [English]S02E06 Grit & Growth | Negotiation_ When to Stay and When to Walk Away[Checksub.com].txt */,
				94D8CD7A2A420751004BE080 /* [English]Stanford Doerr School of Sustainability Chat with  John Doerr, Jon Levin, and Arun Majumdar[Checksub.com].txt */,
				94D8CD762A420677004BE080 /* [English]Tristan Walker, CEO of Walker & Company_ The Problem with Sameness[Checksub.com].txt */,
				94D8CD722A4205D1004BE080 /* [English]The Inside Scoop on the SEC with Former Commissioner Allison Herren Lee[Checksub.com].txt */,
				94D8CD6E2A420539004BE080 /* [English]Cynt Marshall, CEO of the Dallas Mavericks[Checksub.com].txt */,
				94D8CD6A2A420489004BE080 /* [English]Brian Chesky, Co-Founder and CEO of Airbnb_ Designing a 10-star Experience[Checksub.com].txt */,
				94D8CD662A4203E1004BE080 /* [English]Whitney Wolfe, Founder and CEO of Bumble and Co-Founder of Tinder[Checksub.com].txt */,
				94D8CD622A420318004BE080 /* [English]Jennifer Hyman, Co-founder and CEO, Rent the Runway[Checksub.com].txt */,
				94D8CD5E2A42025A004BE080 /* [English]“Power” Fireside Chat_ Professor Jeff Pfeffer and Dean Jon Levin[Checksub.com].txt */,
				94D8CD5A2A4201BA004BE080 /* [English]Jacqueline Novogratz, Founder and CEO of Acumen_ Balancing Humility with Audacity[Checksub.com].txt */,
				94D8CD562A420121004BE080 /* [English]S03E02 Grit & Growth _ Executive Coaching_ From Self-Doubt to Self-Awareness[Checksub.com].txt */,
				94D8CD522A420019004BE080 /* [English]S02E13 Grit & Growth _ Scaling Your Business_ It’s All About The People[Checksub.com].txt */,
			);
			path = "Podcast🌺";
			sourceTree = "<group>";
		};
		94E751832A407A7100F20840 /* Conversation🌸 */ = {
			isa = PBXGroup;
			children = (
				94B04ADD2A41195C007FAB49 /* docs.md */,
				942F0A262A40AEA000E50FDE /* [English] Basic English Conversation Practice for Kids _ Chapter 21 to 35 [DownSub.com].txt */,
				942F0A222A40AE1800E50FDE /* [English] Basic English Conversation Practice for Kids _ Chapter 1 to 20 [DownSub.com].txt */,
				942F0A3C2A40B6F500E50FDE /* [English (auto-generated)-Vietnamese] English Conversation_ Learn while you Sleep - Fast Vocabulary Increase with Jessica [DownSub.com].txt */,
				942F0A3E2A40B72B00E50FDE /* [English (auto-generated)-Vietnamese] 1000 Basic English Question and Answers and more for daily conversation [DownSub.com].txt */,
				942F0A442A40B8D700E50FDE /* [English (auto-generated)-Vietnamese] ★ Sleep Learning English ★ Listening Practice, With Subtitles #03 [DownSub.com].txt */,
				942F0A402A40B79400E50FDE /* [English (auto-generated)-Vietnamese] Daily English Conversation Practice by Topic - Questions and Answers in English Conversation [DownSub.com].txt */,
				942F0A382A40B5D500E50FDE /* [English (auto-generated)] 200 English Questions and Answers and more for Everyday Conversation by Topic [DownSub.com].txt */,
				942F0A282A40B13600E50FDE /* [English (auto-generated)-Vietnamese] 2 HOURS of English Conversation Dialogues Listening Practice [DownSub.com].txt */,
				942F0A2A2A40B1D900E50FDE /* [English (auto-generated)-Vietnamese] Lisas real Sister! - Conversation in English - English Communication Lesson [DownSub.com].txt */,
				942F0A2C2A40B22800E50FDE /* [English (auto-generated)-Vietnamese] Clara is back! - Conversation in English - English Communication Lesson [DownSub.com].txt */,
				942F0A2E2A40B29A00E50FDE /* [English (auto-generated)-Vietnamese] Advanced English Conversation_ Talking Jobs and Time Off (British & American English with subtitles) [DownSub.com].txt */,
				942F0A1C2A40AB5300E50FDE /* [English] Advanced English Conversation_ Vocabulary, Phrasal Verb, Pronunciation [DownSub.com].txt */,
				942F0A302A40B2E500E50FDE /* [English (auto-generated)-Vietnamese] 1.5 HOUR English Conversation Lesson [DownSub.com].txt */,
				942F0A322A40B35C00E50FDE /* [English-Vietnamese] Speak With Me_ 2 Hour English Speaking Practice [DownSub.com].txt */,
				942F0A022A4090FF00E50FDE /* [English]Learn English Conversation - Oxford English Daily Conversation Part 2[Checksub.com].txt */,
			);
			path = "Conversation🌸";
			sourceTree = "<group>";
		};
		94EBDF462A3D73A70095C776 = {
			isa = PBXGroup;
			children = (
				94EBDF512A3D73A70095C776 /* EnglishSearch */,
				94EBDF502A3D73A70095C776 /* Products */,
			);
			sourceTree = "<group>";
		};
		94EBDF502A3D73A70095C776 /* Products */ = {
			isa = PBXGroup;
			children = (
				94EBDF4F2A3D73A70095C776 /* EnglishSearch.app */,
			);
			name = Products;
			sourceTree = "<group>";
		};
		94EBDF512A3D73A70095C776 /* EnglishSearch */ = {
			isa = PBXGroup;
			children = (
				94D8CD512A42000E004BE080 /* Podcast🌺 */,
				94E751832A407A7100F20840 /* Conversation🌸 */,
				94779E842A3DD6EE001DEFEA /* Code🌼 */,
			);
			path = EnglishSearch;
			sourceTree = "<group>";
		};
		94EBDF722A3D8A530095C776 /* (49) COMPLETE User Login - Sign Up App - Swift UI + Firebase - Async  Await - YouTube */ = {
			isa = PBXGroup;
			children = (
				94EBDF6E2A3D88CD0095C776 /* transcript2.txt */,
				94EBDF742A3D8CB20095C776 /* transcript2.pdf */,
			);
			path = "(49) COMPLETE User Login - Sign Up App - Swift UI + Firebase - Async  Await - YouTube";
			sourceTree = "<group>";
		};
		94EBDF732A3D8C5D0095C776 /* (49) Let's Build Twitter with SwiftUI (iOS 15, Xcode 13, Firebase, SwiftUI 3.0) - YouTube */ = {
			isa = PBXGroup;
			children = (
				94EBDF762A3D8E1F0095C776 /* transcript.txt */,
				94EBDF702A3D8A3C0095C776 /* transcript.pdf */,
			);
			path = "(49) Let's Build Twitter with SwiftUI (iOS 15, Xcode 13, Firebase, SwiftUI 3.0) - YouTube";
			sourceTree = "<group>";
		};
/* End PBXGroup section */

/* Begin PBXNativeTarget section */
		94EBDF4E2A3D73A70095C776 /* EnglishSearch */ = {
			isa = PBXNativeTarget;
			buildConfigurationList = 94EBDF602A3D73A90095C776 /* Build configuration list for PBXNativeTarget "EnglishSearch" */;
			buildPhases = (
				94EBDF4B2A3D73A70095C776 /* Sources */,
				94EBDF4C2A3D73A70095C776 /* Frameworks */,
				94EBDF4D2A3D73A70095C776 /* Resources */,
			);
			buildRules = (
			);
			dependencies = (
			);
			name = EnglishSearch;
			productName = EnglishSearch;
			productReference = 94EBDF4F2A3D73A70095C776 /* EnglishSearch.app */;
			productType = "com.apple.product-type.application";
		};
/* End PBXNativeTarget section */

/* Begin PBXProject section */
		94EBDF472A3D73A70095C776 /* Project object */ = {
			isa = PBXProject;
			attributes = {
				BuildIndependentTargetsInParallel = 1;
				LastSwiftUpdateCheck = 1430;
				LastUpgradeCheck = 1430;
				TargetAttributes = {
					94EBDF4E2A3D73A70095C776 = {
						CreatedOnToolsVersion = 14.3.1;
						LastSwiftMigration = 1430;
					};
				};
			};
			buildConfigurationList = 94EBDF4A2A3D73A70095C776 /* Build configuration list for PBXProject "EnglishSearch" */;
			compatibilityVersion = "Xcode 14.0";
			developmentRegion = en;
			hasScannedForEncodings = 0;
			knownRegions = (
				en,
				Base,
			);
			mainGroup = 94EBDF462A3D73A70095C776;
			productRefGroup = 94EBDF502A3D73A70095C776 /* Products */;
			projectDirPath = "";
			projectRoot = "";
			targets = (
				94EBDF4E2A3D73A70095C776 /* EnglishSearch */,
			);
		};
/* End PBXProject section */

/* Begin PBXResourcesBuildPhase section */
		94EBDF4D2A3D73A70095C776 /* Resources */ = {
			isa = PBXResourcesBuildPhase;
			buildActionMask = 2147483647;
			files = (
				94D8CD442A41EDCB004BE080 /* [English]Stacks __ Build Spotify UI __ SwiftUI Bootcamp #6[Checksub.com].txt in Resources */,
				94D8CD572A420121004BE080 /* [English]S03E02 Grit & Growth _ Executive Coaching_ From Self-Doubt to Self-Awareness[Checksub.com].txt in Resources */,
				942F0A032A4090FF00E50FDE /* [English]Learn English Conversation - Oxford English Daily Conversation Part 2[Checksub.com].txt in Resources */,
				94D8CD732A4205D1004BE080 /* [English]The Inside Scoop on the SEC with Former Commissioner Allison Herren Lee[Checksub.com].txt in Resources */,
				94D8CD4E2A41F882004BE080 /* [English]Build A Pokedex With SwiftUI 2.0 _ MVVM _ Network Layer _ iOS 14 _ Swift 5[Checksub.com].txt in Resources */,
				942F0A2F2A40B29A00E50FDE /* [English (auto-generated)-Vietnamese] Advanced English Conversation_ Talking Jobs and Time Off (British & American English with subtitles) [DownSub.com].txt in Resources */,
				94D8CD482A41EED6004BE080 /* [English]LIVE Job Interview For Senior Software Engineering Position!![Checksub.com].txt in Resources */,
				94779E952A3FD201001DEFEA /* [English]DON'T Make this MISTAKE __ StateObject vs ObservedObject _ What's the Difference_[Checksub.com].txt in Resources */,
				94779E8D2A3FCB7A001DEFEA /* [English]How to Network Like A Pro _ Async_Await _ Pagination _ Error Handling _ From A Meta Engineer[Checksub.com].txt in Resources */,
				942F0A272A40AEA000E50FDE /* [English] Basic English Conversation Practice for Kids _ Chapter 21 to 35 [DownSub.com].txt in Resources */,
				94B04ADF2A41E81B007FAB49 /* [English]Free iOS Development Course _ Building a CryptoCurrency App with SwiftUI[Checksub.com].txt in Resources */,
				94EBDF752A3D8CB20095C776 /* transcript2.pdf in Resources */,
				948178952A421F5200FF2130 /* [English]The Talk Show Live From WWDC 2022[Checksub.com].txt in Resources */,
				942F0A452A40B8D700E50FDE /* [English (auto-generated)-Vietnamese] ★ Sleep Learning English ★ Listening Practice, With Subtitles #03 [DownSub.com].txt in Resources */,
				942F0A2B2A40B1D900E50FDE /* [English (auto-generated)-Vietnamese] Lisas real Sister! - Conversation in English - English Communication Lesson [DownSub.com].txt in Resources */,
				94D8CD632A420318004BE080 /* [English]Jennifer Hyman, Co-founder and CEO, Rent the Runway[Checksub.com].txt in Resources */,
				94D8CD5B2A4201BA004BE080 /* [English]Jacqueline Novogratz, Founder and CEO of Acumen_ Balancing Humility with Audacity[Checksub.com].txt in Resources */,
				94D8CD6F2A420539004BE080 /* [English]Cynt Marshall, CEO of the Dallas Mavericks[Checksub.com].txt in Resources */,
				9481787C2A42185200FF2130 /* [English]Sundar Pichai, CEO of Google and Alphabet[Checksub.com].txt in Resources */,
				94EBDF712A3D8A3C0095C776 /* transcript.pdf in Resources */,
				94D8CD6B2A420489004BE080 /* [English]Brian Chesky, Co-Founder and CEO of Airbnb_ Designing a 10-star Experience[Checksub.com].txt in Resources */,
				94D8CD872A420A3D004BE080 /* [English]Dean Jon Levin and Professor Neil Malhotra_ Social Innovation at the Stanford GSB[Checksub.com].txt in Resources */,
				94EBDF772A3D8E1F0095C776 /* transcript.txt in Resources */,
				942F0A3F2A40B72B00E50FDE /* [English (auto-generated)-Vietnamese] 1000 Basic English Question and Answers and more for daily conversation [DownSub.com].txt in Resources */,
				948178902A421E2900FF2130 /* [English]The Talk Show Live From WWDC 2023[Checksub.com].txt in Resources */,
				94EBDF6F2A3D88CD0095C776 /* transcript2.txt in Resources */,
				948178982A42247C00FF2130 /* [English]Learn English with Taylor Swift Talk Show - English Subtitles[Checksub.com].txt in Resources */,
				94779E912A3FD02B001DEFEA /* [English]NEVER Confuse @State vs @Binding Again __ SwiftUI Property Wrappers[Checksub.com].txt in Resources */,
				948178942A421F5200FF2130 /* [Vietnamese]The Talk Show Live From WWDC 2022[Checksub.com].txt in Resources */,
				94D8CD8C2A420B12004BE080 /* [English]Dara Treseder, SVP, Global Head of Marketing, Communications & Membership of Peloton[Checksub.com].txt in Resources */,
				94D8CD7B2A420751004BE080 /* [English]Stanford Doerr School of Sustainability Chat with  John Doerr, Jon Levin, and Arun Majumdar[Checksub.com].txt in Resources */,
				94D8CD832A42093D004BE080 /* [English]Anne Wojcicki, Co-founder and CEO of 23andMe[Checksub.com].txt in Resources */,
				94D8CD7F2A42087C004BE080 /* [English]S02E06 Grit & Growth | Negotiation_ When to Stay and When to Walk Away[Checksub.com].txt in Resources */,
				942F0A3D2A40B6F500E50FDE /* [English (auto-generated)-Vietnamese] English Conversation_ Learn while you Sleep - Fast Vocabulary Increase with Jessica [DownSub.com].txt in Resources */,
				94D8CD5F2A42025A004BE080 /* [English]“Power” Fireside Chat_ Professor Jeff Pfeffer and Dean Jon Levin[Checksub.com].txt in Resources */,
				942F0A292A40B13600E50FDE /* [English (auto-generated)-Vietnamese] 2 HOURS of English Conversation Dialogues Listening Practice [DownSub.com].txt in Resources */,
				94B04AE32A41E965007FAB49 /* [English] Let's Build UBER with SwiftUI _ iOS 16 & Xcode 14[Checksub.com].txt in Resources */,
				942F0A392A40B5D500E50FDE /* [English (auto-generated)] 200 English Questions and Answers and more for Everyday Conversation by Topic [DownSub.com].txt in Resources */,
				948178812A4219E800FF2130 /* [English]S02E01 Grit & Growth | The Big Picture_ Hakeem Belo-Osagie on African Entrepreneurship[Checksub.com].txt in Resources */,
				94D8CD8F2A420BD9004BE080 /* [English]Tony Elumelu, founder of The Tony Elumelu Foundation[Checksub.com].txt in Resources */,
				94D8CD672A4203E1004BE080 /* [English]Whitney Wolfe, Founder and CEO of Bumble and Co-Founder of Tinder[Checksub.com].txt in Resources */,
				942F0A232A40AE1900E50FDE /* [English] Basic English Conversation Practice for Kids _ Chapter 1 to 20 [DownSub.com].txt in Resources */,
				942F0A412A40B79400E50FDE /* [English (auto-generated)-Vietnamese] Daily English Conversation Practice by Topic - Questions and Answers in English Conversation [DownSub.com].txt in Resources */,
				942F0A2D2A40B22800E50FDE /* [English (auto-generated)-Vietnamese] Clara is back! - Conversation in English - English Communication Lesson [DownSub.com].txt in Resources */,
				948178892A421BD100FF2130 /* [English]Ruth Zukerman, Co-Founder of SoulCycle and Flywheel Sports[Checksub.com].txt in Resources */,
				94D8CD532A420019004BE080 /* [English]S02E13 Grit & Growth _ Scaling Your Business_ It’s All About The People[Checksub.com].txt in Resources */,
				94D8CD772A420677004BE080 /* [English]Tristan Walker, CEO of Walker & Company_ The Problem with Sameness[Checksub.com].txt in Resources */,
				942F0A332A40B35C00E50FDE /* [English-Vietnamese] Speak With Me_ 2 Hour English Speaking Practice [DownSub.com].txt in Resources */,
				9481788D2A421D1900FF2130 /* [English]Apple CEO Tim Cook on The David Rubenstein Show[Checksub.com].txt in Resources */,
				942F0A1D2A40AB5300E50FDE /* [English] Advanced English Conversation_ Vocabulary, Phrasal Verb, Pronunciation [DownSub.com].txt in Resources */,
				942F0A312A40B2E500E50FDE /* [English (auto-generated)-Vietnamese] 1.5 HOUR English Conversation Lesson [DownSub.com].txt in Resources */,
			);
			runOnlyForDeploymentPostprocessing = 0;
		};
/* End PBXResourcesBuildPhase section */

/* Begin PBXSourcesBuildPhase section */
		94EBDF4B2A3D73A70095C776 /* Sources */ = {
			isa = PBXSourcesBuildPhase;
			buildActionMask = 2147483647;
			files = (
			);
			runOnlyForDeploymentPostprocessing = 0;
		};
/* End PBXSourcesBuildPhase section */

/* Begin XCBuildConfiguration section */
		94EBDF5E2A3D73A90095C776 /* Debug */ = {
			isa = XCBuildConfiguration;
			buildSettings = {
				ALWAYS_SEARCH_USER_PATHS = NO;
				CLANG_ANALYZER_NONNULL = YES;
				CLANG_ANALYZER_NUMBER_OBJECT_CONVERSION = YES_AGGRESSIVE;
				CLANG_CXX_LANGUAGE_STANDARD = "gnu++20";
				CLANG_ENABLE_MODULES = YES;
				CLANG_ENABLE_OBJC_ARC = YES;
				CLANG_ENABLE_OBJC_WEAK = YES;
				CLANG_WARN_BLOCK_CAPTURE_AUTORELEASING = YES;
				CLANG_WARN_BOOL_CONVERSION = YES;
				CLANG_WARN_COMMA = YES;
				CLANG_WARN_CONSTANT_CONVERSION = YES;
				CLANG_WARN_DEPRECATED_OBJC_IMPLEMENTATIONS = YES;
				CLANG_WARN_DIRECT_OBJC_ISA_USAGE = YES_ERROR;
				CLANG_WARN_DOCUMENTATION_COMMENTS = YES;
				CLANG_WARN_EMPTY_BODY = YES;
				CLANG_WARN_ENUM_CONVERSION = YES;
				CLANG_WARN_INFINITE_RECURSION = YES;
				CLANG_WARN_INT_CONVERSION = YES;
				CLANG_WARN_NON_LITERAL_NULL_CONVERSION = YES;
				CLANG_WARN_OBJC_IMPLICIT_RETAIN_SELF = YES;
				CLANG_WARN_OBJC_LITERAL_CONVERSION = YES;
				CLANG_WARN_OBJC_ROOT_CLASS = YES_ERROR;
				CLANG_WARN_QUOTED_INCLUDE_IN_FRAMEWORK_HEADER = YES;
				CLANG_WARN_RANGE_LOOP_ANALYSIS = YES;
				CLANG_WARN_STRICT_PROTOTYPES = YES;
				CLANG_WARN_SUSPICIOUS_MOVE = YES;
				CLANG_WARN_UNGUARDED_AVAILABILITY = YES_AGGRESSIVE;
				CLANG_WARN_UNREACHABLE_CODE = YES;
				CLANG_WARN__DUPLICATE_METHOD_MATCH = YES;
				COPY_PHASE_STRIP = NO;
				DEBUG_INFORMATION_FORMAT = dwarf;
				ENABLE_STRICT_OBJC_MSGSEND = YES;
				ENABLE_TESTABILITY = YES;
				GCC_C_LANGUAGE_STANDARD = gnu11;
				GCC_DYNAMIC_NO_PIC = NO;
				GCC_NO_COMMON_BLOCKS = YES;
				GCC_OPTIMIZATION_LEVEL = 0;
				GCC_PREPROCESSOR_DEFINITIONS = (
					"DEBUG=1",
					"$(inherited)",
				);
				GCC_WARN_64_TO_32_BIT_CONVERSION = YES;
				GCC_WARN_ABOUT_RETURN_TYPE = YES_ERROR;
				GCC_WARN_UNDECLARED_SELECTOR = YES;
				GCC_WARN_UNINITIALIZED_AUTOS = YES_AGGRESSIVE;
				GCC_WARN_UNUSED_FUNCTION = YES;
				GCC_WARN_UNUSED_VARIABLE = YES;
				IPHONEOS_DEPLOYMENT_TARGET = 16.4;
				MTL_ENABLE_DEBUG_INFO = INCLUDE_SOURCE;
				MTL_FAST_MATH = YES;
				ONLY_ACTIVE_ARCH = YES;
				SDKROOT = iphoneos;
				SWIFT_ACTIVE_COMPILATION_CONDITIONS = DEBUG;
				SWIFT_OPTIMIZATION_LEVEL = "-Onone";
			};
			name = Debug;
		};
		94EBDF5F2A3D73A90095C776 /* Release */ = {
			isa = XCBuildConfiguration;
			buildSettings = {
				ALWAYS_SEARCH_USER_PATHS = NO;
				CLANG_ANALYZER_NONNULL = YES;
				CLANG_ANALYZER_NUMBER_OBJECT_CONVERSION = YES_AGGRESSIVE;
				CLANG_CXX_LANGUAGE_STANDARD = "gnu++20";
				CLANG_ENABLE_MODULES = YES;
				CLANG_ENABLE_OBJC_ARC = YES;
				CLANG_ENABLE_OBJC_WEAK = YES;
				CLANG_WARN_BLOCK_CAPTURE_AUTORELEASING = YES;
				CLANG_WARN_BOOL_CONVERSION = YES;
				CLANG_WARN_COMMA = YES;
				CLANG_WARN_CONSTANT_CONVERSION = YES;
				CLANG_WARN_DEPRECATED_OBJC_IMPLEMENTATIONS = YES;
				CLANG_WARN_DIRECT_OBJC_ISA_USAGE = YES_ERROR;
				CLANG_WARN_DOCUMENTATION_COMMENTS = YES;
				CLANG_WARN_EMPTY_BODY = YES;
				CLANG_WARN_ENUM_CONVERSION = YES;
				CLANG_WARN_INFINITE_RECURSION = YES;
				CLANG_WARN_INT_CONVERSION = YES;
				CLANG_WARN_NON_LITERAL_NULL_CONVERSION = YES;
				CLANG_WARN_OBJC_IMPLICIT_RETAIN_SELF = YES;
				CLANG_WARN_OBJC_LITERAL_CONVERSION = YES;
				CLANG_WARN_OBJC_ROOT_CLASS = YES_ERROR;
				CLANG_WARN_QUOTED_INCLUDE_IN_FRAMEWORK_HEADER = YES;
				CLANG_WARN_RANGE_LOOP_ANALYSIS = YES;
				CLANG_WARN_STRICT_PROTOTYPES = YES;
				CLANG_WARN_SUSPICIOUS_MOVE = YES;
				CLANG_WARN_UNGUARDED_AVAILABILITY = YES_AGGRESSIVE;
				CLANG_WARN_UNREACHABLE_CODE = YES;
				CLANG_WARN__DUPLICATE_METHOD_MATCH = YES;
				COPY_PHASE_STRIP = NO;
				DEBUG_INFORMATION_FORMAT = "dwarf-with-dsym";
				ENABLE_NS_ASSERTIONS = NO;
				ENABLE_STRICT_OBJC_MSGSEND = YES;
				GCC_C_LANGUAGE_STANDARD = gnu11;
				GCC_NO_COMMON_BLOCKS = YES;
				GCC_WARN_64_TO_32_BIT_CONVERSION = YES;
				GCC_WARN_ABOUT_RETURN_TYPE = YES_ERROR;
				GCC_WARN_UNDECLARED_SELECTOR = YES;
				GCC_WARN_UNINITIALIZED_AUTOS = YES_AGGRESSIVE;
				GCC_WARN_UNUSED_FUNCTION = YES;
				GCC_WARN_UNUSED_VARIABLE = YES;
				IPHONEOS_DEPLOYMENT_TARGET = 16.4;
				MTL_ENABLE_DEBUG_INFO = NO;
				MTL_FAST_MATH = YES;
				SDKROOT = iphoneos;
				SWIFT_COMPILATION_MODE = wholemodule;
				SWIFT_OPTIMIZATION_LEVEL = "-O";
				VALIDATE_PRODUCT = YES;
			};
			name = Release;
		};
		94EBDF612A3D73A90095C776 /* Debug */ = {
			isa = XCBuildConfiguration;
			buildSettings = {
				ASSETCATALOG_COMPILER_APPICON_NAME = AppIcon;
				ASSETCATALOG_COMPILER_GLOBAL_ACCENT_COLOR_NAME = AccentColor;
				CLANG_ENABLE_MODULES = YES;
				CODE_SIGN_STYLE = Automatic;
				CURRENT_PROJECT_VERSION = 1;
				DEVELOPMENT_ASSET_PATHS = "\"EnglishSearch/Preview Content\"";
				DEVELOPMENT_TEAM = TUKD5UXC58;
				ENABLE_PREVIEWS = YES;
				GENERATE_INFOPLIST_FILE = YES;
				INFOPLIST_FILE = EnglishSearch/Info.plist;
				INFOPLIST_KEY_UIApplicationSceneManifest_Generation = YES;
				INFOPLIST_KEY_UIApplicationSupportsIndirectInputEvents = YES;
				INFOPLIST_KEY_UILaunchScreen_Generation = YES;
				INFOPLIST_KEY_UISupportedInterfaceOrientations_iPad = "UIInterfaceOrientationPortrait UIInterfaceOrientationPortraitUpsideDown UIInterfaceOrientationLandscapeLeft UIInterfaceOrientationLandscapeRight";
				INFOPLIST_KEY_UISupportedInterfaceOrientations_iPhone = "UIInterfaceOrientationPortrait UIInterfaceOrientationLandscapeLeft UIInterfaceOrientationLandscapeRight";
				INFOPLIST_KEY_UISupportsDocumentBrowser = YES;
				LD_RUNPATH_SEARCH_PATHS = (
					"$(inherited)",
					"@executable_path/Frameworks",
				);
				MARKETING_VERSION = 1.0;
				PRODUCT_BUNDLE_IDENTIFIER = sangtruong.text.EnglishSearch;
				PRODUCT_NAME = "$(TARGET_NAME)";
				SWIFT_EMIT_LOC_STRINGS = YES;
				SWIFT_OPTIMIZATION_LEVEL = "-Onone";
				SWIFT_VERSION = 5.0;
				TARGETED_DEVICE_FAMILY = "1,2";
			};
			name = Debug;
		};
		94EBDF622A3D73A90095C776 /* Release */ = {
			isa = XCBuildConfiguration;
			buildSettings = {
				ASSETCATALOG_COMPILER_APPICON_NAME = AppIcon;
				ASSETCATALOG_COMPILER_GLOBAL_ACCENT_COLOR_NAME = AccentColor;
				CLANG_ENABLE_MODULES = YES;
				CODE_SIGN_STYLE = Automatic;
				CURRENT_PROJECT_VERSION = 1;
				DEVELOPMENT_ASSET_PATHS = "\"EnglishSearch/Preview Content\"";
				DEVELOPMENT_TEAM = TUKD5UXC58;
				ENABLE_PREVIEWS = YES;
				GENERATE_INFOPLIST_FILE = YES;
				INFOPLIST_FILE = EnglishSearch/Info.plist;
				INFOPLIST_KEY_UIApplicationSceneManifest_Generation = YES;
				INFOPLIST_KEY_UIApplicationSupportsIndirectInputEvents = YES;
				INFOPLIST_KEY_UILaunchScreen_Generation = YES;
				INFOPLIST_KEY_UISupportedInterfaceOrientations_iPad = "UIInterfaceOrientationPortrait UIInterfaceOrientationPortraitUpsideDown UIInterfaceOrientationLandscapeLeft UIInterfaceOrientationLandscapeRight";
				INFOPLIST_KEY_UISupportedInterfaceOrientations_iPhone = "UIInterfaceOrientationPortrait UIInterfaceOrientationLandscapeLeft UIInterfaceOrientationLandscapeRight";
				INFOPLIST_KEY_UISupportsDocumentBrowser = YES;
				LD_RUNPATH_SEARCH_PATHS = (
					"$(inherited)",
					"@executable_path/Frameworks",
				);
				MARKETING_VERSION = 1.0;
				PRODUCT_BUNDLE_IDENTIFIER = sangtruong.text.EnglishSearch;
				PRODUCT_NAME = "$(TARGET_NAME)";
				SWIFT_EMIT_LOC_STRINGS = YES;
				SWIFT_VERSION = 5.0;
				TARGETED_DEVICE_FAMILY = "1,2";
			};
			name = Release;
		};
/* End XCBuildConfiguration section */

/* Begin XCConfigurationList section */
		94EBDF4A2A3D73A70095C776 /* Build configuration list for PBXProject "EnglishSearch" */ = {
			isa = XCConfigurationList;
			buildConfigurations = (
				94EBDF5E2A3D73A90095C776 /* Debug */,
				94EBDF5F2A3D73A90095C776 /* Release */,
			);
			defaultConfigurationIsVisible = 0;
			defaultConfigurationName = Release;
		};
		94EBDF602A3D73A90095C776 /* Build configuration list for PBXNativeTarget "EnglishSearch" */ = {
			isa = XCConfigurationList;
			buildConfigurations = (
				94EBDF612A3D73A90095C776 /* Debug */,
				94EBDF622A3D73A90095C776 /* Release */,
			);
			defaultConfigurationIsVisible = 0;
			defaultConfigurationName = Release;
		};
/* End XCConfigurationList section */
	};
	rootObject = 94EBDF472A3D73A70095C776 /* Project object */;
}
